// !$*UTF8*$!
{
	archiveVersion = 1;
	classes = {
	};
	objectVersion = 55;
	objects = {

/* Begin PBXBuildFile section */
		44A899E227D66C1D00AA15DA /* crawlingWebApp.swift in Sources */ = {isa = PBXBuildFile; fileRef = 44A899D227D66C1C00AA15DA /* crawlingWebApp.swift */; };
		44A899E327D66C1D00AA15DA /* crawlingWebApp.swift in Sources */ = {isa = PBXBuildFile; fileRef = 44A899D227D66C1C00AA15DA /* crawlingWebApp.swift */; };
		44A899E427D66C1D00AA15DA /* ContentView.swift in Sources */ = {isa = PBXBuildFile; fileRef = 44A899D327D66C1C00AA15DA /* ContentView.swift */; };
		44A899E527D66C1D00AA15DA /* ContentView.swift in Sources */ = {isa = PBXBuildFile; fileRef = 44A899D327D66C1C00AA15DA /* ContentView.swift */; };
		44A899E627D66C1D00AA15DA /* Assets.xcassets in Resources */ = {isa = PBXBuildFile; fileRef = 44A899D427D66C1C00AA15DA /* Assets.xcassets */; };
		44A899E727D66C1D00AA15DA /* Assets.xcassets in Resources */ = {isa = PBXBuildFile; fileRef = 44A899D427D66C1C00AA15DA /* Assets.xcassets */; };
		44A899F127D66C3600AA15DA /* APIService.swift in Sources */ = {isa = PBXBuildFile; fileRef = 44A899F027D66C3600AA15DA /* APIService.swift */; };
		44A899F427D67C1700AA15DA /* SwiftSoup in Frameworks */ = {isa = PBXBuildFile; productRef = 44A899F327D67C1700AA15DA /* SwiftSoup */; };
/* End PBXBuildFile section */

/* Begin PBXFileReference section */
		44A899D227D66C1C00AA15DA /* crawlingWebApp.swift */ = {isa = PBXFileReference; lastKnownFileType = sourcecode.swift; path = crawlingWebApp.swift; sourceTree = "<group>"; };
		44A899D327D66C1C00AA15DA /* ContentView.swift */ = {isa = PBXFileReference; lastKnownFileType = sourcecode.swift; path = ContentView.swift; sourceTree = "<group>"; };
		44A899D427D66C1C00AA15DA /* Assets.xcassets */ = {isa = PBXFileReference; lastKnownFileType = folder.assetcatalog; path = Assets.xcassets; sourceTree = "<group>"; };
		44A899D927D66C1D00AA15DA /* crawlingWeb.app */ = {isa = PBXFileReference; explicitFileType = wrapper.application; includeInIndex = 0; path = crawlingWeb.app; sourceTree = BUILT_PRODUCTS_DIR; };
		44A899DF27D66C1D00AA15DA /* crawlingWeb.app */ = {isa = PBXFileReference; explicitFileType = wrapper.application; includeInIndex = 0; path = crawlingWeb.app; sourceTree = BUILT_PRODUCTS_DIR; };
		44A899F027D66C3600AA15DA /* APIService.swift */ = {isa = PBXFileReference; fileEncoding = 4; lastKnownFileType = sourcecode.swift; name = APIService.swift; path = "../../../../../Library/Mobile Documents/com~apple~CloudDocs/iOS/APIService.swift"; sourceTree = "<group>"; };
/* End PBXFileReference section */

/* Begin PBXFrameworksBuildPhase section */
		44A899D627D66C1D00AA15DA /* Frameworks */ = {
			isa = PBXFrameworksBuildPhase;
			buildActionMask = 2147483647;
			files = (
				44A899F427D67C1700AA15DA /* SwiftSoup in Frameworks */,
			);
			runOnlyForDeploymentPostprocessing = 0;
		};
		44A899DC27D66C1D00AA15DA /* Frameworks */ = {
			isa = PBXFrameworksBuildPhase;
			buildActionMask = 2147483647;
			files = (
			);
			runOnlyForDeploymentPostprocessing = 0;
		};
/* End PBXFrameworksBuildPhase section */

/* Begin PBXGroup section */
		44A899CC27D66C1C00AA15DA = {
			isa = PBXGroup;
			children = (
				44A899D127D66C1C00AA15DA /* Shared */,
				44A899DA27D66C1D00AA15DA /* Products */,
			);
			sourceTree = "<group>";
		};
		44A899D127D66C1C00AA15DA /* Shared */ = {
			isa = PBXGroup;
			children = (
				44A899D227D66C1C00AA15DA /* crawlingWebApp.swift */,
				44A899D327D66C1C00AA15DA /* ContentView.swift */,
				44A899F027D66C3600AA15DA /* APIService.swift */,
				44A899D427D66C1C00AA15DA /* Assets.xcassets */,
			);
			path = Shared;
			sourceTree = "<group>";
		};
		44A899DA27D66C1D00AA15DA /* Products */ = {
			isa = PBXGroup;
			children = (
				44A899D927D66C1D00AA15DA /* crawlingWeb.app */,
				44A899DF27D66C1D00AA15DA /* crawlingWeb.app */,
			);
			name = Products;
			sourceTree = "<group>";
		};
/* End PBXGroup section */

/* Begin PBXNativeTarget section */
		44A899D827D66C1D00AA15DA /* crawlingWeb (iOS) */ = {
			isa = PBXNativeTarget;
			buildConfigurationList = 44A899EA27D66C1D00AA15DA /* Build configuration list for PBXNativeTarget "crawlingWeb (iOS)" */;
			buildPhases = (
				44A899D527D66C1D00AA15DA /* Sources */,
				44A899D627D66C1D00AA15DA /* Frameworks */,
				44A899D727D66C1D00AA15DA /* Resources */,
			);
			buildRules = (
			);
			dependencies = (
			);
			name = "crawlingWeb (iOS)";
			packageProductDependencies = (
				44A899F327D67C1700AA15DA /* SwiftSoup */,
			);
			productName = "crawlingWeb (iOS)";
			productReference = 44A899D927D66C1D00AA15DA /* crawlingWeb.app */;
			productType = "com.apple.product-type.application";
		};
		44A899DE27D66C1D00AA15DA /* crawlingWeb (macOS) */ = {
			isa = PBXNativeTarget;
			buildConfigurationList = 44A899ED27D66C1D00AA15DA /* Build configuration list for PBXNativeTarget "crawlingWeb (macOS)" */;
			buildPhases = (
				44A899DB27D66C1D00AA15DA /* Sources */,
				44A899DC27D66C1D00AA15DA /* Frameworks */,
				44A899DD27D66C1D00AA15DA /* Resources */,
			);
			buildRules = (
			);
			dependencies = (
			);
			name = "crawlingWeb (macOS)";
			productName = "crawlingWeb (macOS)";
			productReference = 44A899DF27D66C1D00AA15DA /* crawlingWeb.app */;
			productType = "com.apple.product-type.application";
		};
/* End PBXNativeTarget section */

/* Begin PBXProject section */
		44A899CD27D66C1C00AA15DA /* Project object */ = {
			isa = PBXProject;
			attributes = {
				BuildIndependentTargetsInParallel = 1;
				LastSwiftUpdateCheck = 1320;
				LastUpgradeCheck = 1320;
				TargetAttributes = {
					44A899D827D66C1D00AA15DA = {
						CreatedOnToolsVersion = 13.2.1;
					};
					44A899DE27D66C1D00AA15DA = {
						CreatedOnToolsVersion = 13.2.1;
					};
				};
			};
			buildConfigurationList = 44A899D027D66C1C00AA15DA /* Build configuration list for PBXProject "crawlingWeb" */;
			compatibilityVersion = "Xcode 13.0";
			developmentRegion = en;
			hasScannedForEncodings = 0;
			knownRegions = (
				en,
				Base,
			);
			mainGroup = 44A899CC27D66C1C00AA15DA;
			packageReferences = (
				44A899F227D67C1700AA15DA /* XCRemoteSwiftPackageReference "SwiftSoup" */,
			);
			productRefGroup = 44A899DA27D66C1D00AA15DA /* Products */;
			projectDirPath = "";
			projectRoot = "";
			targets = (
				44A899D827D66C1D00AA15DA /* crawlingWeb (iOS) */,
				44A899DE27D66C1D00AA15DA /* crawlingWeb (macOS) */,
			);
		};
/* End PBXProject section */

/* Begin PBXResourcesBuildPhase section */
		44A899D727D66C1D00AA15DA /* Resources */ = {
			isa = PBXResourcesBuildPhase;
			buildActionMask = 2147483647;
			files = (
				44A899E627D66C1D00AA15DA /* Assets.xcassets in Resources */,
			);
			runOnlyForDeploymentPostprocessing = 0;
		};
		44A899DD27D66C1D00AA15DA /* Resources */ = {
			isa = PBXResourcesBuildPhase;
			buildActionMask = 2147483647;
			files = (
				44A899E727D66C1D00AA15DA /* Assets.xcassets in Resources */,
			);
			runOnlyForDeploymentPostprocessing = 0;
		};
/* End PBXResourcesBuildPhase section */

/* Begin PBXSourcesBuildPhase section */
		44A899D527D66C1D00AA15DA /* Sources */ = {
			isa = PBXSourcesBuildPhase;
			buildActionMask = 2147483647;
			files = (
				44A899E427D66C1D00AA15DA /* ContentView.swift in Sources */,
				44A899F127D66C3600AA15DA /* APIService.swift in Sources */,
				44A899E227D66C1D00AA15DA /* crawlingWebApp.swift in Sources */,
			);
			runOnlyForDeploymentPostprocessing = 0;
		};
		44A899DB27D66C1D00AA15DA /* Sources */ = {
			isa = PBXSourcesBuildPhase;
			buildActionMask = 2147483647;
			files = (
				44A899E527D66C1D00AA15DA /* ContentView.swift in Sources */,
				44A899E327D66C1D00AA15DA /* crawlingWebApp.swift in Sources */,
			);
			runOnlyForDeploymentPostprocessing = 0;
		};
/* End PBXSourcesBuildPhase section */

/* Begin XCBuildConfiguration section */
		44A899E827D66C1D00AA15DA /* Debug */ = {
			isa = XCBuildConfiguration;
			buildSettings = {
				ALWAYS_SEARCH_USER_PATHS = NO;
				CLANG_ANALYZER_NONNULL = YES;
				CLANG_ANALYZER_NUMBER_OBJECT_CONVERSION = YES_AGGRESSIVE;
				CLANG_CXX_LANGUAGE_STANDARD = "gnu++17";
				CLANG_CXX_LIBRARY = "libc++";
				CLANG_ENABLE_MODULES = YES;
				CLANG_ENABLE_OBJC_ARC = YES;
				CLANG_ENABLE_OBJC_WEAK = YES;
				CLANG_WARN_BLOCK_CAPTURE_AUTORELEASING = YES;
				CLANG_WARN_BOOL_CONVERSION = YES;
				CLANG_WARN_COMMA = YES;
				CLANG_WARN_CONSTANT_CONVERSION = YES;
				CLANG_WARN_DEPRECATED_OBJC_IMPLEMENTATIONS = YES;
				CLANG_WARN_DIRECT_OBJC_ISA_USAGE = YES_ERROR;
				CLANG_WARN_DOCUMENTATION_COMMENTS = YES;
				CLANG_WARN_EMPTY_BODY = YES;
				CLANG_WARN_ENUM_CONVERSION = YES;
				CLANG_WARN_INFINITE_RECURSION = YES;
				CLANG_WARN_INT_CONVERSION = YES;
				CLANG_WARN_NON_LITERAL_NULL_CONVERSION = YES;
				CLANG_WARN_OBJC_IMPLICIT_RETAIN_SELF = YES;
				CLANG_WARN_OBJC_LITERAL_CONVERSION = YES;
				CLANG_WARN_OBJC_ROOT_CLASS = YES_ERROR;
				CLANG_WARN_QUOTED_INCLUDE_IN_FRAMEWORK_HEADER = YES;
				CLANG_WARN_RANGE_LOOP_ANALYSIS = YES;
				CLANG_WARN_STRICT_PROTOTYPES = YES;
				CLANG_WARN_SUSPICIOUS_MOVE = YES;
				CLANG_WARN_UNGUARDED_AVAILABILITY = YES_AGGRESSIVE;
				CLANG_WARN_UNREACHABLE_CODE = YES;
				CLANG_WARN__DUPLICATE_METHOD_MATCH = YES;
				COPY_PHASE_STRIP = NO;
				DEBUG_INFORMATION_FORMAT = dwarf;
				ENABLE_STRICT_OBJC_MSGSEND = YES;
				ENABLE_TESTABILITY = YES;
				GCC_C_LANGUAGE_STANDARD = gnu11;
				GCC_DYNAMIC_NO_PIC = NO;
				GCC_NO_COMMON_BLOCKS = YES;
				GCC_OPTIMIZATION_LEVEL = 0;
				GCC_PREPROCESSOR_DEFINITIONS = (
					"DEBUG=1",
					"$(inherited)",
				);
				GCC_WARN_64_TO_32_BIT_CONVERSION = YES;
				GCC_WARN_ABOUT_RETURN_TYPE = YES_ERROR;
				GCC_WARN_UNDECLARED_SELECTOR = YES;
				GCC_WARN_UNINITIALIZED_AUTOS = YES_AGGRESSIVE;
				GCC_WARN_UNUSED_FUNCTION = YES;
				GCC_WARN_UNUSED_VARIABLE = YES;
				MTL_ENABLE_DEBUG_INFO = INCLUDE_SOURCE;
				MTL_FAST_MATH = YES;
				ONLY_ACTIVE_ARCH = YES;
				SWIFT_ACTIVE_COMPILATION_CONDITIONS = DEBUG;
				SWIFT_OPTIMIZATION_LEVEL = "-Onone";
			};
			name = Debug;
		};
		44A899E927D66C1D00AA15DA /* Release */ = {
			isa = XCBuildConfiguration;
			buildSettings = {
				ALWAYS_SEARCH_USER_PATHS = NO;
				CLANG_ANALYZER_NONNULL = YES;
				CLANG_ANALYZER_NUMBER_OBJECT_CONVERSION = YES_AGGRESSIVE;
				CLANG_CXX_LANGUAGE_STANDARD = "gnu++17";
				CLANG_CXX_LIBRARY = "libc++";
				CLANG_ENABLE_MODULES = YES;
				CLANG_ENABLE_OBJC_ARC = YES;
				CLANG_ENABLE_OBJC_WEAK = YES;
				CLANG_WARN_BLOCK_CAPTURE_AUTORELEASING = YES;
				CLANG_WARN_BOOL_CONVERSION = YES;
				CLANG_WARN_COMMA = YES;
				CLANG_WARN_CONSTANT_CONVERSION = YES;
				CLANG_WARN_DEPRECATED_OBJC_IMPLEMENTATIONS = YES;
				CLANG_WARN_DIRECT_OBJC_ISA_USAGE = YES_ERROR;
				CLANG_WARN_DOCUMENTATION_COMMENTS = YES;
				CLANG_WARN_EMPTY_BODY = YES;
				CLANG_WARN_ENUM_CONVERSION = YES;
				CLANG_WARN_INFINITE_RECURSION = YES;
				CLANG_WARN_INT_CONVERSION = YES;
				CLANG_WARN_NON_LITERAL_NULL_CONVERSION = YES;
				CLANG_WARN_OBJC_IMPLICIT_RETAIN_SELF = YES;
				CLANG_WARN_OBJC_LITERAL_CONVERSION = YES;
				CLANG_WARN_OBJC_ROOT_CLASS = YES_ERROR;
				CLANG_WARN_QUOTED_INCLUDE_IN_FRAMEWORK_HEADER = YES;
				CLANG_WARN_RANGE_LOOP_ANALYSIS = YES;
				CLANG_WARN_STRICT_PROTOTYPES = YES;
				CLANG_WARN_SUSPICIOUS_MOVE = YES;
				CLANG_WARN_UNGUARDED_AVAILABILITY = YES_AGGRESSIVE;
				CLANG_WARN_UNREACHABLE_CODE = YES;
				CLANG_WARN__DUPLICATE_METHOD_MATCH = YES;
				COPY_PHASE_STRIP = NO;
				DEBUG_INFORMATION_FORMAT = "dwarf-with-dsym";
				ENABLE_NS_ASSERTIONS = NO;
				ENABLE_STRICT_OBJC_MSGSEND = YES;
				GCC_C_LANGUAGE_STANDARD = gnu11;
				GCC_NO_COMMON_BLOCKS = YES;
				GCC_WARN_64_TO_32_BIT_CONVERSION = YES;
				GCC_WARN_ABOUT_RETURN_TYPE = YES_ERROR;
				GCC_WARN_UNDECLARED_SELECTOR = YES;
				GCC_WARN_UNINITIALIZED_AUTOS = YES_AGGRESSIVE;
				GCC_WARN_UNUSED_FUNCTION = YES;
				GCC_WARN_UNUSED_VARIABLE = YES;
				MTL_ENABLE_DEBUG_INFO = NO;
				MTL_FAST_MATH = YES;
				SWIFT_COMPILATION_MODE = wholemodule;
				SWIFT_OPTIMIZATION_LEVEL = "-O";
			};
			name = Release;
		};
		44A899EB27D66C1D00AA15DA /* Debug */ = {
			isa = XCBuildConfiguration;
			buildSettings = {
				ASSETCATALOG_COMPILER_APPICON_NAME = AppIcon;
				ASSETCATALOG_COMPILER_GLOBAL_ACCENT_COLOR_NAME = AccentColor;
				CODE_SIGN_STYLE = Automatic;
				CURRENT_PROJECT_VERSION = 1;
				DEVELOPMENT_TEAM = P87BGS4HZC;
				ENABLE_PREVIEWS = YES;
				GENERATE_INFOPLIST_FILE = YES;
				INFOPLIST_KEY_UIApplicationSceneManifest_Generation = YES;
				INFOPLIST_KEY_UIApplicationSupportsIndirectInputEvents = YES;
				INFOPLIST_KEY_UILaunchScreen_Generation = YES;
				INFOPLIST_KEY_UISupportedInterfaceOrientations_iPad = "UIInterfaceOrientationPortrait UIInterfaceOrientationPortraitUpsideDown UIInterfaceOrientationLandscapeLeft UIInterfaceOrientationLandscapeRight";
				INFOPLIST_KEY_UISupportedInterfaceOrientations_iPhone = "UIInterfaceOrientationPortrait UIInterfaceOrientationLandscapeLeft UIInterfaceOrientationLandscapeRight";
				IPHONEOS_DEPLOYMENT_TARGET = 15.2;
				LD_RUNPATH_SEARCH_PATHS = (
					"$(inherited)",
					"@executable_path/Frameworks",
				);
				MARKETING_VERSION = 1.0;
				PRODUCT_BUNDLE_IDENTIFIER = TaeeunKim.crawlingWeb;
				PRODUCT_NAME = crawlingWeb;
				SDKROOT = iphoneos;
				SWIFT_EMIT_LOC_STRINGS = YES;
				SWIFT_VERSION = 5.0;
				TARGETED_DEVICE_FAMILY = "1,2";
			};
			name = Debug;
		};
		44A899EC27D66C1D00AA15DA /* Release */ = {
			isa = XCBuildConfiguration;
			buildSettings = {
				ASSETCATALOG_COMPILER_APPICON_NAME = AppIcon;
				ASSETCATALOG_COMPILER_GLOBAL_ACCENT_COLOR_NAME = AccentColor;
				CODE_SIGN_STYLE = Automatic;
				CURRENT_PROJECT_VERSION = 1;
				DEVELOPMENT_TEAM = P87BGS4HZC;
				ENABLE_PREVIEWS = YES;
				GENERATE_INFOPLIST_FILE = YES;
				INFOPLIST_KEY_UIApplicationSceneManifest_Generation = YES;
				INFOPLIST_KEY_UIApplicationSupportsIndirectInputEvents = YES;
				INFOPLIST_KEY_UILaunchScreen_Generation = YES;
				INFOPLIST_KEY_UISupportedInterfaceOrientations_iPad = "UIInterfaceOrientationPortrait UIInterfaceOrientationPortraitUpsideDown UIInterfaceOrientationLandscapeLeft UIInterfaceOrientationLandscapeRight";
				INFOPLIST_KEY_UISupportedInterfaceOrientations_iPhone = "UIInterfaceOrientationPortrait UIInterfaceOrientationLandscapeLeft UIInterfaceOrientationLandscapeRight";
				IPHONEOS_DEPLOYMENT_TARGET = 15.2;
				LD_RUNPATH_SEARCH_PATHS = (
					"$(inherited)",
					"@executable_path/Frameworks",
				);
				MARKETING_VERSION = 1.0;
				PRODUCT_BUNDLE_IDENTIFIER = TaeeunKim.crawlingWeb;
				PRODUCT_NAME = crawlingWeb;
				SDKROOT = iphoneos;
				SWIFT_EMIT_LOC_STRINGS = YES;
				SWIFT_VERSION = 5.0;
				TARGETED_DEVICE_FAMILY = "1,2";
				VALIDATE_PRODUCT = YES;
			};
			name = Release;
		};
		44A899EE27D66C1D00AA15DA /* Debug */ = {
			isa = XCBuildConfiguration;
			buildSettings = {
				ASSETCATALOG_COMPILER_APPICON_NAME = AppIcon;
				ASSETCATALOG_COMPILER_GLOBAL_ACCENT_COLOR_NAME = AccentColor;
				CODE_SIGN_ENTITLEMENTS = macOS/macOS.entitlements;
				CODE_SIGN_STYLE = Automatic;
				COMBINE_HIDPI_IMAGES = YES;
				CURRENT_PROJECT_VERSION = 1;
				DEVELOPMENT_TEAM = P87BGS4HZC;
				ENABLE_HARDENED_RUNTIME = YES;
				ENABLE_PREVIEWS = YES;
				GENERATE_INFOPLIST_FILE = YES;
				INFOPLIST_KEY_NSHumanReadableCopyright = "";
				LD_RUNPATH_SEARCH_PATHS = (
					"$(inherited)",
					"@executable_path/../Frameworks",
				);
				MACOSX_DEPLOYMENT_TARGET = 12.1;
				MARKETING_VERSION = 1.0;
				PRODUCT_BUNDLE_IDENTIFIER = TaeeunKim.crawlingWeb;
				PRODUCT_NAME = crawlingWeb;
				SDKROOT = macosx;
				SWIFT_EMIT_LOC_STRINGS = YES;
				SWIFT_VERSION = 5.0;
			};
			name = Debug;
		};
		44A899EF27D66C1D00AA15DA /* Release */ = {
			isa = XCBuildConfiguration;
			buildSettings = {
				ASSETCATALOG_COMPILER_APPICON_NAME = AppIcon;
				ASSETCATALOG_COMPILER_GLOBAL_ACCENT_COLOR_NAME = AccentColor;
				CODE_SIGN_ENTITLEMENTS = macOS/macOS.entitlements;
				CODE_SIGN_STYLE = Automatic;
				COMBINE_HIDPI_IMAGES = YES;
				CURRENT_PROJECT_VERSION = 1;
				DEVELOPMENT_TEAM = P87BGS4HZC;
				ENABLE_HARDENED_RUNTIME = YES;
				ENABLE_PREVIEWS = YES;
				GENERATE_INFOPLIST_FILE = YES;
				INFOPLIST_KEY_NSHumanReadableCopyright = "";
				LD_RUNPATH_SEARCH_PATHS = (
					"$(inherited)",
					"@executable_path/../Frameworks",
				);
				MACOSX_DEPLOYMENT_TARGET = 12.1;
				MARKETING_VERSION = 1.0;
				PRODUCT_BUNDLE_IDENTIFIER = TaeeunKim.crawlingWeb;
				PRODUCT_NAME = crawlingWeb;
				SDKROOT = macosx;
				SWIFT_EMIT_LOC_STRINGS = YES;
				SWIFT_VERSION = 5.0;
			};
			name = Release;
		};
/* End XCBuildConfiguration section */

/* Begin XCConfigurationList section */
		44A899D027D66C1C00AA15DA /* Build configuration list for PBXProject "crawlingWeb" */ = {
			isa = XCConfigurationList;
			buildConfigurations = (
				44A899E827D66C1D00AA15DA /* Debug */,
				44A899E927D66C1D00AA15DA /* Release */,
			);
			defaultConfigurationIsVisible = 0;
			defaultConfigurationName = Release;
		};
		44A899EA27D66C1D00AA15DA /* Build configuration list for PBXNativeTarget "crawlingWeb (iOS)" */ = {
			isa = XCConfigurationList;
			buildConfigurations = (
				44A899EB27D66C1D00AA15DA /* Debug */,
				44A899EC27D66C1D00AA15DA /* Release */,
			);
			defaultConfigurationIsVisible = 0;
			defaultConfigurationName = Release;
		};
		44A899ED27D66C1D00AA15DA /* Build configuration list for PBXNativeTarget "crawlingWeb (macOS)" */ = {
			isa = XCConfigurationList;
			buildConfigurations = (
				44A899EE27D66C1D00AA15DA /* Debug */,
				44A899EF27D66C1D00AA15DA /* Release */,
			);
			defaultConfigurationIsVisible = 0;
			defaultConfigurationName = Release;
		};
/* End XCConfigurationList section */

/* Begin XCRemoteSwiftPackageReference section */
		44A899F227D67C1700AA15DA /* XCRemoteSwiftPackageReference "SwiftSoup" */ = {
			isa = XCRemoteSwiftPackageReference;
			repositoryURL = "https://github.com/scinfu/SwiftSoup";
			requirement = {
				kind = upToNextMajorVersion;
				minimumVersion = 2.0.0;
			};
		};
/* End XCRemoteSwiftPackageReference section */

/* Begin XCSwiftPackageProductDependency section */
		44A899F327D67C1700AA15DA /* SwiftSoup */ = {
			isa = XCSwiftPackageProductDependency;
			package = 44A899F227D67C1700AA15DA /* XCRemoteSwiftPackageReference "SwiftSoup" */;
			productName = SwiftSoup;
		};
/* End XCSwiftPackageProductDependency section */
	};
	rootObject = 44A899CD27D66C1C00AA15DA /* Project object */;
}
