// !$*UTF8*$!
{
	archiveVersion = 1;
	classes = {
	};
	objectVersion = 50;
	objects = {

/* Begin PBXBuildFile section */
		AD4B10D7243F9FE9004F4BEC /* AppDelegate.swift in Sources */ = {isa = PBXBuildFile; fileRef = AD4B10D6243F9FE9004F4BEC /* AppDelegate.swift */; };
		AD4B10D9243F9FE9004F4BEC /* SceneDelegate.swift in Sources */ = {isa = PBXBuildFile; fileRef = AD4B10D8243F9FE9004F4BEC /* SceneDelegate.swift */; };
		AD4B10DB243F9FE9004F4BEC /* ContentView.swift in Sources */ = {isa = PBXBuildFile; fileRef = AD4B10DA243F9FE9004F4BEC /* ContentView.swift */; };
		AD4B10DD243F9FEB004F4BEC /* Assets.xcassets in Resources */ = {isa = PBXBuildFile; fileRef = AD4B10DC243F9FEB004F4BEC /* Assets.xcassets */; };
		AD4B10E0243F9FEB004F4BEC /* Preview Assets.xcassets in Resources */ = {isa = PBXBuildFile; fileRef = AD4B10DF243F9FEB004F4BEC /* Preview Assets.xcassets */; };
		AD4B10E3243F9FEB004F4BEC /* LaunchScreen.storyboard in Resources */ = {isa = PBXBuildFile; fileRef = AD4B10E1243F9FEB004F4BEC /* LaunchScreen.storyboard */; };
		AD4B10EE243F9FEB004F4BEC /* Carousel_ListTests.swift in Sources */ = {isa = PBXBuildFile; fileRef = AD4B10ED243F9FEB004F4BEC /* Carousel_ListTests.swift */; };
		AD4B10F9243F9FEB004F4BEC /* Carousel_ListUITests.swift in Sources */ = {isa = PBXBuildFile; fileRef = AD4B10F8243F9FEB004F4BEC /* Carousel_ListUITests.swift */; };
/* End PBXBuildFile section */

/* Begin PBXContainerItemProxy section */
		AD4B10EA243F9FEB004F4BEC /* PBXContainerItemProxy */ = {
			isa = PBXContainerItemProxy;
			containerPortal = AD4B10CB243F9FE9004F4BEC /* Project object */;
			proxyType = 1;
			remoteGlobalIDString = AD4B10D2243F9FE9004F4BEC;
			remoteInfo = "Carousel List";
		};
		AD4B10F5243F9FEB004F4BEC /* PBXContainerItemProxy */ = {
			isa = PBXContainerItemProxy;
			containerPortal = AD4B10CB243F9FE9004F4BEC /* Project object */;
			proxyType = 1;
			remoteGlobalIDString = AD4B10D2243F9FE9004F4BEC;
			remoteInfo = "Carousel List";
		};
/* End PBXContainerItemProxy section */

/* Begin PBXFileReference section */
		AD4B10D3243F9FE9004F4BEC /* Carousel List.app */ = {isa = PBXFileReference; explicitFileType = wrapper.application; includeInIndex = 0; path = "Carousel List.app"; sourceTree = BUILT_PRODUCTS_DIR; };
		AD4B10D6243F9FE9004F4BEC /* AppDelegate.swift */ = {isa = PBXFileReference; lastKnownFileType = sourcecode.swift; path = AppDelegate.swift; sourceTree = "<group>"; };
		AD4B10D8243F9FE9004F4BEC /* SceneDelegate.swift */ = {isa = PBXFileReference; lastKnownFileType = sourcecode.swift; path = SceneDelegate.swift; sourceTree = "<group>"; };
		AD4B10DA243F9FE9004F4BEC /* ContentView.swift */ = {isa = PBXFileReference; lastKnownFileType = sourcecode.swift; path = ContentView.swift; sourceTree = "<group>"; };
		AD4B10DC243F9FEB004F4BEC /* Assets.xcassets */ = {isa = PBXFileReference; lastKnownFileType = folder.assetcatalog; path = Assets.xcassets; sourceTree = "<group>"; };
		AD4B10DF243F9FEB004F4BEC /* Preview Assets.xcassets */ = {isa = PBXFileReference; lastKnownFileType = folder.assetcatalog; path = "Preview Assets.xcassets"; sourceTree = "<group>"; };
		AD4B10E2243F9FEB004F4BEC /* Base */ = {isa = PBXFileReference; lastKnownFileType = file.storyboard; name = Base; path = Base.lproj/LaunchScreen.storyboard; sourceTree = "<group>"; };
		AD4B10E4243F9FEB004F4BEC /* Info.plist */ = {isa = PBXFileReference; lastKnownFileType = text.plist.xml; path = Info.plist; sourceTree = "<group>"; };
		AD4B10E9243F9FEB004F4BEC /* Carousel ListTests.xctest */ = {isa = PBXFileReference; explicitFileType = wrapper.cfbundle; includeInIndex = 0; path = "Carousel ListTests.xctest"; sourceTree = BUILT_PRODUCTS_DIR; };
		AD4B10ED243F9FEB004F4BEC /* Carousel_ListTests.swift */ = {isa = PBXFileReference; lastKnownFileType = sourcecode.swift; path = Carousel_ListTests.swift; sourceTree = "<group>"; };
		AD4B10EF243F9FEB004F4BEC /* Info.plist */ = {isa = PBXFileReference; lastKnownFileType = text.plist.xml; path = Info.plist; sourceTree = "<group>"; };
		AD4B10F4243F9FEB004F4BEC /* Carousel ListUITests.xctest */ = {isa = PBXFileReference; explicitFileType = wrapper.cfbundle; includeInIndex = 0; path = "Carousel ListUITests.xctest"; sourceTree = BUILT_PRODUCTS_DIR; };
		AD4B10F8243F9FEB004F4BEC /* Carousel_ListUITests.swift */ = {isa = PBXFileReference; lastKnownFileType = sourcecode.swift; path = Carousel_ListUITests.swift; sourceTree = "<group>"; };
		AD4B10FA243F9FEB004F4BEC /* Info.plist */ = {isa = PBXFileReference; lastKnownFileType = text.plist.xml; path = Info.plist; sourceTree = "<group>"; };
/* End PBXFileReference section */

/* Begin PBXFrameworksBuildPhase section */
		AD4B10D0243F9FE9004F4BEC /* Frameworks */ = {
			isa = PBXFrameworksBuildPhase;
			buildActionMask = 2147483647;
			files = (
			);
			runOnlyForDeploymentPostprocessing = 0;
		};
		AD4B10E6243F9FEB004F4BEC /* Frameworks */ = {
			isa = PBXFrameworksBuildPhase;
			buildActionMask = 2147483647;
			files = (
			);
			runOnlyForDeploymentPostprocessing = 0;
		};
		AD4B10F1243F9FEB004F4BEC /* Frameworks */ = {
			isa = PBXFrameworksBuildPhase;
			buildActionMask = 2147483647;
			files = (
			);
			runOnlyForDeploymentPostprocessing = 0;
		};
/* End PBXFrameworksBuildPhase section */

/* Begin PBXGroup section */
		AD4B10CA243F9FE9004F4BEC = {
			isa = PBXGroup;
			children = (
				AD4B10D5243F9FE9004F4BEC /* Carousel List */,
				AD4B10EC243F9FEB004F4BEC /* Carousel ListTests */,
				AD4B10F7243F9FEB004F4BEC /* Carousel ListUITests */,
				AD4B10D4243F9FE9004F4BEC /* Products */,
			);
			sourceTree = "<group>";
		};
		AD4B10D4243F9FE9004F4BEC /* Products */ = {
			isa = PBXGroup;
			children = (
				AD4B10D3243F9FE9004F4BEC /* Carousel List.app */,
				AD4B10E9243F9FEB004F4BEC /* Carousel ListTests.xctest */,
				AD4B10F4243F9FEB004F4BEC /* Carousel ListUITests.xctest */,
			);
			name = Products;
			sourceTree = "<group>";
		};
		AD4B10D5243F9FE9004F4BEC /* Carousel List */ = {
			isa = PBXGroup;
			children = (
				AD4B10D6243F9FE9004F4BEC /* AppDelegate.swift */,
				AD4B10D8243F9FE9004F4BEC /* SceneDelegate.swift */,
				AD4B10DA243F9FE9004F4BEC /* ContentView.swift */,
				AD4B10DC243F9FEB004F4BEC /* Assets.xcassets */,
				AD4B10E1243F9FEB004F4BEC /* LaunchScreen.storyboard */,
				AD4B10E4243F9FEB004F4BEC /* Info.plist */,
				AD4B10DE243F9FEB004F4BEC /* Preview Content */,
			);
			path = "Carousel List";
			sourceTree = "<group>";
		};
		AD4B10DE243F9FEB004F4BEC /* Preview Content */ = {
			isa = PBXGroup;
			children = (
				AD4B10DF243F9FEB004F4BEC /* Preview Assets.xcassets */,
			);
			path = "Preview Content";
			sourceTree = "<group>";
		};
		AD4B10EC243F9FEB004F4BEC /* Carousel ListTests */ = {
			isa = PBXGroup;
			children = (
				AD4B10ED243F9FEB004F4BEC /* Carousel_ListTests.swift */,
				AD4B10EF243F9FEB004F4BEC /* Info.plist */,
			);
			path = "Carousel ListTests";
			sourceTree = "<group>";
		};
		AD4B10F7243F9FEB004F4BEC /* Carousel ListUITests */ = {
			isa = PBXGroup;
			children = (
				AD4B10F8243F9FEB004F4BEC /* Carousel_ListUITests.swift */,
				AD4B10FA243F9FEB004F4BEC /* Info.plist */,
			);
			path = "Carousel ListUITests";
			sourceTree = "<group>";
		};
/* End PBXGroup section */

/* Begin PBXNativeTarget section */
		AD4B10D2243F9FE9004F4BEC /* Carousel List */ = {
			isa = PBXNativeTarget;
			buildConfigurationList = AD4B10FD243F9FEB004F4BEC /* Build configuration list for PBXNativeTarget "Carousel List" */;
			buildPhases = (
				AD4B10CF243F9FE9004F4BEC /* Sources */,
				AD4B10D0243F9FE9004F4BEC /* Frameworks */,
				AD4B10D1243F9FE9004F4BEC /* Resources */,
			);
			buildRules = (
			);
			dependencies = (
			);
			name = "Carousel List";
			productName = "Carousel List";
			productReference = AD4B10D3243F9FE9004F4BEC /* Carousel List.app */;
			productType = "com.apple.product-type.application";
		};
		AD4B10E8243F9FEB004F4BEC /* Carousel ListTests */ = {
			isa = PBXNativeTarget;
			buildConfigurationList = AD4B1100243F9FEB004F4BEC /* Build configuration list for PBXNativeTarget "Carousel ListTests" */;
			buildPhases = (
				AD4B10E5243F9FEB004F4BEC /* Sources */,
				AD4B10E6243F9FEB004F4BEC /* Frameworks */,
				AD4B10E7243F9FEB004F4BEC /* Resources */,
			);
			buildRules = (
			);
			dependencies = (
				AD4B10EB243F9FEB004F4BEC /* PBXTargetDependency */,
			);
			name = "Carousel ListTests";
			productName = "Carousel ListTests";
			productReference = AD4B10E9243F9FEB004F4BEC /* Carousel ListTests.xctest */;
			productType = "com.apple.product-type.bundle.unit-test";
		};
		AD4B10F3243F9FEB004F4BEC /* Carousel ListUITests */ = {
			isa = PBXNativeTarget;
			buildConfigurationList = AD4B1103243F9FEB004F4BEC /* Build configuration list for PBXNativeTarget "Carousel ListUITests" */;
			buildPhases = (
				AD4B10F0243F9FEB004F4BEC /* Sources */,
				AD4B10F1243F9FEB004F4BEC /* Frameworks */,
				AD4B10F2243F9FEB004F4BEC /* Resources */,
			);
			buildRules = (
			);
			dependencies = (
				AD4B10F6243F9FEB004F4BEC /* PBXTargetDependency */,
			);
			name = "Carousel ListUITests";
			productName = "Carousel ListUITests";
			productReference = AD4B10F4243F9FEB004F4BEC /* Carousel ListUITests.xctest */;
			productType = "com.apple.product-type.bundle.ui-testing";
		};
/* End PBXNativeTarget section */

/* Begin PBXProject section */
		AD4B10CB243F9FE9004F4BEC /* Project object */ = {
			isa = PBXProject;
			attributes = {
				LastSwiftUpdateCheck = 1140;
				LastUpgradeCheck = 1250;
				ORGANIZATIONNAME = Balaji;
				TargetAttributes = {
					AD4B10D2243F9FE9004F4BEC = {
						CreatedOnToolsVersion = 11.4;
					};
					AD4B10E8243F9FEB004F4BEC = {
						CreatedOnToolsVersion = 11.4;
						TestTargetID = AD4B10D2243F9FE9004F4BEC;
					};
					AD4B10F3243F9FEB004F4BEC = {
						CreatedOnToolsVersion = 11.4;
						TestTargetID = AD4B10D2243F9FE9004F4BEC;
					};
				};
			};
			buildConfigurationList = AD4B10CE243F9FE9004F4BEC /* Build configuration list for PBXProject "Carousel List" */;
			compatibilityVersion = "Xcode 9.3";
			developmentRegion = en;
			hasScannedForEncodings = 0;
			knownRegions = (
				en,
				Base,
			);
			mainGroup = AD4B10CA243F9FE9004F4BEC;
			productRefGroup = AD4B10D4243F9FE9004F4BEC /* Products */;
			projectDirPath = "";
			projectRoot = "";
			targets = (
				AD4B10D2243F9FE9004F4BEC /* Carousel List */,
				AD4B10E8243F9FEB004F4BEC /* Carousel ListTests */,
				AD4B10F3243F9FEB004F4BEC /* Carousel ListUITests */,
			);
		};
/* End PBXProject section */

/* Begin PBXResourcesBuildPhase section */
		AD4B10D1243F9FE9004F4BEC /* Resources */ = {
			isa = PBXResourcesBuildPhase;
			buildActionMask = 2147483647;
			files = (
				AD4B10E3243F9FEB004F4BEC /* LaunchScreen.storyboard in Resources */,
				AD4B10E0243F9FEB004F4BEC /* Preview Assets.xcassets in Resources */,
				AD4B10DD243F9FEB004F4BEC /* Assets.xcassets in Resources */,
			);
			runOnlyForDeploymentPostprocessing = 0;
		};
		AD4B10E7243F9FEB004F4BEC /* Resources */ = {
			isa = PBXResourcesBuildPhase;
			buildActionMask = 2147483647;
			files = (
			);
			runOnlyForDeploymentPostprocessing = 0;
		};
		AD4B10F2243F9FEB004F4BEC /* Resources */ = {
			isa = PBXResourcesBuildPhase;
			buildActionMask = 2147483647;
			files = (
			);
			runOnlyForDeploymentPostprocessing = 0;
		};
/* End PBXResourcesBuildPhase section */

/* Begin PBXSourcesBuildPhase section */
		AD4B10CF243F9FE9004F4BEC /* Sources */ = {
			isa = PBXSourcesBuildPhase;
			buildActionMask = 2147483647;
			files = (
				AD4B10D7243F9FE9004F4BEC /* AppDelegate.swift in Sources */,
				AD4B10D9243F9FE9004F4BEC /* SceneDelegate.swift in Sources */,
				AD4B10DB243F9FE9004F4BEC /* ContentView.swift in Sources */,
			);
			runOnlyForDeploymentPostprocessing = 0;
		};
		AD4B10E5243F9FEB004F4BEC /* Sources */ = {
			isa = PBXSourcesBuildPhase;
			buildActionMask = 2147483647;
			files = (
				AD4B10EE243F9FEB004F4BEC /* Carousel_ListTests.swift in Sources */,
			);
			runOnlyForDeploymentPostprocessing = 0;
		};
		AD4B10F0243F9FEB004F4BEC /* Sources */ = {
			isa = PBXSourcesBuildPhase;
			buildActionMask = 2147483647;
			files = (
				AD4B10F9243F9FEB004F4BEC /* Carousel_ListUITests.swift in Sources */,
			);
			runOnlyForDeploymentPostprocessing = 0;
		};
/* End PBXSourcesBuildPhase section */

/* Begin PBXTargetDependency section */
		AD4B10EB243F9FEB004F4BEC /* PBXTargetDependency */ = {
			isa = PBXTargetDependency;
			target = AD4B10D2243F9FE9004F4BEC /* Carousel List */;
			targetProxy = AD4B10EA243F9FEB004F4BEC /* PBXContainerItemProxy */;
		};
		AD4B10F6243F9FEB004F4BEC /* PBXTargetDependency */ = {
			isa = PBXTargetDependency;
			target = AD4B10D2243F9FE9004F4BEC /* Carousel List */;
			targetProxy = AD4B10F5243F9FEB004F4BEC /* PBXContainerItemProxy */;
		};
/* End PBXTargetDependency section */

/* Begin PBXVariantGroup section */
		AD4B10E1243F9FEB004F4BEC /* LaunchScreen.storyboard */ = {
			isa = PBXVariantGroup;
			children = (
				AD4B10E2243F9FEB004F4BEC /* Base */,
			);
			name = LaunchScreen.storyboard;
			sourceTree = "<group>";
		};
/* End PBXVariantGroup section */

/* Begin XCBuildConfiguration section */
		AD4B10FB243F9FEB004F4BEC /* Debug */ = {
			isa = XCBuildConfiguration;
			buildSettings = {
				ALWAYS_SEARCH_USER_PATHS = NO;
				CLANG_ANALYZER_NONNULL = YES;
				CLANG_ANALYZER_NUMBER_OBJECT_CONVERSION = YES_AGGRESSIVE;
				CLANG_CXX_LANGUAGE_STANDARD = "gnu++14";
				CLANG_CXX_LIBRARY = "libc++";
				CLANG_ENABLE_MODULES = YES;
				CLANG_ENABLE_OBJC_ARC = YES;
				CLANG_ENABLE_OBJC_WEAK = YES;
				CLANG_WARN_BLOCK_CAPTURE_AUTORELEASING = YES;
				CLANG_WARN_BOOL_CONVERSION = YES;
				CLANG_WARN_COMMA = YES;
				CLANG_WARN_CONSTANT_CONVERSION = YES;
				CLANG_WARN_DEPRECATED_OBJC_IMPLEMENTATIONS = YES;
				CLANG_WARN_DIRECT_OBJC_ISA_USAGE = YES_ERROR;
				CLANG_WARN_DOCUMENTATION_COMMENTS = YES;
				CLANG_WARN_EMPTY_BODY = YES;
				CLANG_WARN_ENUM_CONVERSION = YES;
				CLANG_WARN_INFINITE_RECURSION = YES;
				CLANG_WARN_INT_CONVERSION = YES;
				CLANG_WARN_NON_LITERAL_NULL_CONVERSION = YES;
				CLANG_WARN_OBJC_IMPLICIT_RETAIN_SELF = YES;
				CLANG_WARN_OBJC_LITERAL_CONVERSION = YES;
				CLANG_WARN_OBJC_ROOT_CLASS = YES_ERROR;
				CLANG_WARN_QUOTED_INCLUDE_IN_FRAMEWORK_HEADER = YES;
				CLANG_WARN_RANGE_LOOP_ANALYSIS = YES;
				CLANG_WARN_STRICT_PROTOTYPES = YES;
				CLANG_WARN_SUSPICIOUS_MOVE = YES;
				CLANG_WARN_UNGUARDED_AVAILABILITY = YES_AGGRESSIVE;
				CLANG_WARN_UNREACHABLE_CODE = YES;
				CLANG_WARN__DUPLICATE_METHOD_MATCH = YES;
				COPY_PHASE_STRIP = NO;
				DEBUG_INFORMATION_FORMAT = dwarf;
				ENABLE_STRICT_OBJC_MSGSEND = YES;
				ENABLE_TESTABILITY = YES;
				GCC_C_LANGUAGE_STANDARD = gnu11;
				GCC_DYNAMIC_NO_PIC = NO;
				GCC_NO_COMMON_BLOCKS = YES;
				GCC_OPTIMIZATION_LEVEL = 0;
				GCC_PREPROCESSOR_DEFINITIONS = (
					"DEBUG=1",
					"$(inherited)",
				);
				GCC_WARN_64_TO_32_BIT_CONVERSION = YES;
				GCC_WARN_ABOUT_RETURN_TYPE = YES_ERROR;
				GCC_WARN_UNDECLARED_SELECTOR = YES;
				GCC_WARN_UNINITIALIZED_AUTOS = YES_AGGRESSIVE;
				GCC_WARN_UNUSED_FUNCTION = YES;
				GCC_WARN_UNUSED_VARIABLE = YES;
				IPHONEOS_DEPLOYMENT_TARGET = 13.4;
				MTL_ENABLE_DEBUG_INFO = INCLUDE_SOURCE;
				MTL_FAST_MATH = YES;
				ONLY_ACTIVE_ARCH = YES;
				SDKROOT = iphoneos;
				SWIFT_ACTIVE_COMPILATION_CONDITIONS = DEBUG;
				SWIFT_OPTIMIZATION_LEVEL = "-Onone";
			};
			name = Debug;
		};
		AD4B10FC243F9FEB004F4BEC /* Release */ = {
			isa = XCBuildConfiguration;
			buildSettings = {
				ALWAYS_SEARCH_USER_PATHS = NO;
				CLANG_ANALYZER_NONNULL = YES;
				CLANG_ANALYZER_NUMBER_OBJECT_CONVERSION = YES_AGGRESSIVE;
				CLANG_CXX_LANGUAGE_STANDARD = "gnu++14";
				CLANG_CXX_LIBRARY = "libc++";
				CLANG_ENABLE_MODULES = YES;
				CLANG_ENABLE_OBJC_ARC = YES;
				CLANG_ENABLE_OBJC_WEAK = YES;
				CLANG_WARN_BLOCK_CAPTURE_AUTORELEASING = YES;
				CLANG_WARN_BOOL_CONVERSION = YES;
				CLANG_WARN_COMMA = YES;
				CLANG_WARN_CONSTANT_CONVERSION = YES;
				CLANG_WARN_DEPRECATED_OBJC_IMPLEMENTATIONS = YES;
				CLANG_WARN_DIRECT_OBJC_ISA_USAGE = YES_ERROR;
				CLANG_WARN_DOCUMENTATION_COMMENTS = YES;
				CLANG_WARN_EMPTY_BODY = YES;
				CLANG_WARN_ENUM_CONVERSION = YES;
				CLANG_WARN_INFINITE_RECURSION = YES;
				CLANG_WARN_INT_CONVERSION = YES;
				CLANG_WARN_NON_LITERAL_NULL_CONVERSION = YES;
				CLANG_WARN_OBJC_IMPLICIT_RETAIN_SELF = YES;
				CLANG_WARN_OBJC_LITERAL_CONVERSION = YES;
				CLANG_WARN_OBJC_ROOT_CLASS = YES_ERROR;
				CLANG_WARN_QUOTED_INCLUDE_IN_FRAMEWORK_HEADER = YES;
				CLANG_WARN_RANGE_LOOP_ANALYSIS = YES;
				CLANG_WARN_STRICT_PROTOTYPES = YES;
				CLANG_WARN_SUSPICIOUS_MOVE = YES;
				CLANG_WARN_UNGUARDED_AVAILABILITY = YES_AGGRESSIVE;
				CLANG_WARN_UNREACHABLE_CODE = YES;
				CLANG_WARN__DUPLICATE_METHOD_MATCH = YES;
				COPY_PHASE_STRIP = NO;
				DEBUG_INFORMATION_FORMAT = "dwarf-with-dsym";
				ENABLE_NS_ASSERTIONS = NO;
				ENABLE_STRICT_OBJC_MSGSEND = YES;
				GCC_C_LANGUAGE_STANDARD = gnu11;
				GCC_NO_COMMON_BLOCKS = YES;
				GCC_WARN_64_TO_32_BIT_CONVERSION = YES;
				GCC_WARN_ABOUT_RETURN_TYPE = YES_ERROR;
				GCC_WARN_UNDECLARED_SELECTOR = YES;
				GCC_WARN_UNINITIALIZED_AUTOS = YES_AGGRESSIVE;
				GCC_WARN_UNUSED_FUNCTION = YES;
				GCC_WARN_UNUSED_VARIABLE = YES;
				IPHONEOS_DEPLOYMENT_TARGET = 13.4;
				MTL_ENABLE_DEBUG_INFO = NO;
				MTL_FAST_MATH = YES;
				SDKROOT = iphoneos;
				SWIFT_COMPILATION_MODE = wholemodule;
				SWIFT_OPTIMIZATION_LEVEL = "-O";
				VALIDATE_PRODUCT = YES;
			};
			name = Release;
		};
		AD4B10FE243F9FEB004F4BEC /* Debug */ = {
			isa = XCBuildConfiguration;
			buildSettings = {
				ASSETCATALOG_COMPILER_APPICON_NAME = AppIcon;
				CODE_SIGN_STYLE = Automatic;
				DEVELOPMENT_ASSET_PATHS = "\"Carousel List/Preview Content\"";
				ENABLE_PREVIEWS = YES;
				INFOPLIST_FILE = "Carousel List/Info.plist";
				LD_RUNPATH_SEARCH_PATHS = (
					"$(inherited)",
					"@executable_path/Frameworks",
				);
				PRODUCT_BUNDLE_IDENTIFIER = "Kavsoft.Carousel-List";
				PRODUCT_NAME = "$(TARGET_NAME)";
				SWIFT_VERSION = 5.0;
				TARGETED_DEVICE_FAMILY = "1,2";
			};
			name = Debug;
		};
		AD4B10FF243F9FEB004F4BEC /* Release */ = {
			isa = XCBuildConfiguration;
			buildSettings = {
				ASSETCATALOG_COMPILER_APPICON_NAME = AppIcon;
				CODE_SIGN_STYLE = Automatic;
				DEVELOPMENT_ASSET_PATHS = "\"Carousel List/Preview Content\"";
				ENABLE_PREVIEWS = YES;
				INFOPLIST_FILE = "Carousel List/Info.plist";
				LD_RUNPATH_SEARCH_PATHS = (
					"$(inherited)",
					"@executable_path/Frameworks",
				);
				PRODUCT_BUNDLE_IDENTIFIER = "Kavsoft.Carousel-List";
				PRODUCT_NAME = "$(TARGET_NAME)";
				SWIFT_VERSION = 5.0;
				TARGETED_DEVICE_FAMILY = "1,2";
			};
			name = Release;
		};
		AD4B1101243F9FEB004F4BEC /* Debug */ = {
			isa = XCBuildConfiguration;
			buildSettings = {
				ALWAYS_EMBED_SWIFT_STANDARD_LIBRARIES = YES;
				BUNDLE_LOADER = "$(TEST_HOST)";
				CODE_SIGN_STYLE = Automatic;
				INFOPLIST_FILE = "Carousel ListTests/Info.plist";
				IPHONEOS_DEPLOYMENT_TARGET = 13.4;
				LD_RUNPATH_SEARCH_PATHS = (
					"$(inherited)",
					"@executable_path/Frameworks",
					"@loader_path/Frameworks",
				);
				PRODUCT_BUNDLE_IDENTIFIER = "Kavsoft.Carousel-ListTests";
				PRODUCT_NAME = "$(TARGET_NAME)";
				SWIFT_VERSION = 5.0;
				TARGETED_DEVICE_FAMILY = "1,2";
				TEST_HOST = "$(BUILT_PRODUCTS_DIR)/Carousel List.app/Carousel List";
			};
			name = Debug;
		};
		AD4B1102243F9FEB004F4BEC /* Release */ = {
			isa = XCBuildConfiguration;
			buildSettings = {
				ALWAYS_EMBED_SWIFT_STANDARD_LIBRARIES = YES;
				BUNDLE_LOADER = "$(TEST_HOST)";
				CODE_SIGN_STYLE = Automatic;
				INFOPLIST_FILE = "Carousel ListTests/Info.plist";
				IPHONEOS_DEPLOYMENT_TARGET = 13.4;
				LD_RUNPATH_SEARCH_PATHS = (
					"$(inherited)",
					"@executable_path/Frameworks",
					"@loader_path/Frameworks",
				);
				PRODUCT_BUNDLE_IDENTIFIER = "Kavsoft.Carousel-ListTests";
				PRODUCT_NAME = "$(TARGET_NAME)";
				SWIFT_VERSION = 5.0;
				TARGETED_DEVICE_FAMILY = "1,2";
				TEST_HOST = "$(BUILT_PRODUCTS_DIR)/Carousel List.app/Carousel List";
			};
			name = Release;
		};
		AD4B1104243F9FEB004F4BEC /* Debug */ = {
			isa = XCBuildConfiguration;
			buildSettings = {
				ALWAYS_EMBED_SWIFT_STANDARD_LIBRARIES = YES;
				CODE_SIGN_STYLE = Automatic;
				INFOPLIST_FILE = "Carousel ListUITests/Info.plist";
				LD_RUNPATH_SEARCH_PATHS = (
					"$(inherited)",
					"@executable_path/Frameworks",
					"@loader_path/Frameworks",
				);
				PRODUCT_BUNDLE_IDENTIFIER = "Kavsoft.Carousel-ListUITests";
				PRODUCT_NAME = "$(TARGET_NAME)";
				SWIFT_VERSION = 5.0;
				TARGETED_DEVICE_FAMILY = "1,2";
				TEST_TARGET_NAME = "Carousel List";
			};
			name = Debug;
		};
		AD4B1105243F9FEB004F4BEC /* Release */ = {
			isa = XCBuildConfiguration;
			buildSettings = {
				ALWAYS_EMBED_SWIFT_STANDARD_LIBRARIES = YES;
				CODE_SIGN_STYLE = Automatic;
				INFOPLIST_FILE = "Carousel ListUITests/Info.plist";
				LD_RUNPATH_SEARCH_PATHS = (
					"$(inherited)",
					"@executable_path/Frameworks",
					"@loader_path/Frameworks",
				);
				PRODUCT_BUNDLE_IDENTIFIER = "Kavsoft.Carousel-ListUITests";
				PRODUCT_NAME = "$(TARGET_NAME)";
				SWIFT_VERSION = 5.0;
				TARGETED_DEVICE_FAMILY = "1,2";
				TEST_TARGET_NAME = "Carousel List";
			};
			name = Release;
		};
/* End XCBuildConfiguration section */

/* Begin XCConfigurationList section */
		AD4B10CE243F9FE9004F4BEC /* Build configuration list for PBXProject "Carousel List" */ = {
			isa = XCConfigurationList;
			buildConfigurations = (
				AD4B10FB243F9FEB004F4BEC /* Debug */,
				AD4B10FC243F9FEB004F4BEC /* Release */,
			);
			defaultConfigurationIsVisible = 0;
			defaultConfigurationName = Release;
		};
		AD4B10FD243F9FEB004F4BEC /* Build configuration list for PBXNativeTarget "Carousel List" */ = {
			isa = XCConfigurationList;
			buildConfigurations = (
				AD4B10FE243F9FEB004F4BEC /* Debug */,
				AD4B10FF243F9FEB004F4BEC /* Release */,
			);
			defaultConfigurationIsVisible = 0;
			defaultConfigurationName = Release;
		};
		AD4B1100243F9FEB004F4BEC /* Build configuration list for PBXNativeTarget "Carousel ListTests" */ = {
			isa = XCConfigurationList;
			buildConfigurations = (
				AD4B1101243F9FEB004F4BEC /* Debug */,
				AD4B1102243F9FEB004F4BEC /* Release */,
			);
			defaultConfigurationIsVisible = 0;
			defaultConfigurationName = Release;
		};
		AD4B1103243F9FEB004F4BEC /* Build configuration list for PBXNativeTarget "Carousel ListUITests" */ = {
			isa = XCConfigurationList;
			buildConfigurations = (
				AD4B1104243F9FEB004F4BEC /* Debug */,
				AD4B1105243F9FEB004F4BEC /* Release */,
			);
			defaultConfigurationIsVisible = 0;
			defaultConfigurationName = Release;
		};
/* End XCConfigurationList section */
	};
	rootObject = AD4B10CB243F9FE9004F4BEC /* Project object */;
}
