// !$*UTF8*$!
{
	archiveVersion = 1;
	classes = {
	};
	objectVersion = 50;
	objects = {

/* Begin PBXBuildFile section */
		5ACF88E926CEA1F400149A4C /* TabBarViewController.swift in Sources */ = {isa = PBXBuildFile; fileRef = 5ACF88E826CEA1F400149A4C /* TabBarViewController.swift */; };
		5ACF88EB26CEA21A00149A4C /* SearchViewController.swift in Sources */ = {isa = PBXBuildFile; fileRef = 5ACF88EA26CEA21A00149A4C /* SearchViewController.swift */; };
		5ACF88ED26CEA22900149A4C /* LibraryViewController.swift in Sources */ = {isa = PBXBuildFile; fileRef = 5ACF88EC26CEA22900149A4C /* LibraryViewController.swift */; };
		5ACF88F126CEA26E00149A4C /* AuthViewController.swift in Sources */ = {isa = PBXBuildFile; fileRef = 5ACF88F026CEA26E00149A4C /* AuthViewController.swift */; };
		5ACF88F326CEA28600149A4C /* WelcomeViewController.swift in Sources */ = {isa = PBXBuildFile; fileRef = 5ACF88F226CEA28600149A4C /* WelcomeViewController.swift */; };
		5ACF88F526CEA29D00149A4C /* SettingsViewController.swift in Sources */ = {isa = PBXBuildFile; fileRef = 5ACF88F426CEA29D00149A4C /* SettingsViewController.swift */; };
		5ACF88F726CEA2AD00149A4C /* ProfileViewController.swift in Sources */ = {isa = PBXBuildFile; fileRef = 5ACF88F626CEA2AD00149A4C /* ProfileViewController.swift */; };
		5ACF88F926CEA2B900149A4C /* PlayerViewController.swift in Sources */ = {isa = PBXBuildFile; fileRef = 5ACF88F826CEA2B900149A4C /* PlayerViewController.swift */; };
		5ACF88FB26CEA2E700149A4C /* PlaylistViewController.swift in Sources */ = {isa = PBXBuildFile; fileRef = 5ACF88FA26CEA2E700149A4C /* PlaylistViewController.swift */; };
		5ACF88FD26CEA2F900149A4C /* SearchResultViewController.swift in Sources */ = {isa = PBXBuildFile; fileRef = 5ACF88FC26CEA2F900149A4C /* SearchResultViewController.swift */; };
		5ACF88FF26CEA34A00149A4C /* AuthManager.swift in Sources */ = {isa = PBXBuildFile; fileRef = 5ACF88FE26CEA34A00149A4C /* AuthManager.swift */; };
		5ACF890126CEA35A00149A4C /* APICaller.swift in Sources */ = {isa = PBXBuildFile; fileRef = 5ACF890026CEA35A00149A4C /* APICaller.swift */; };
		5ACF890326CEA36A00149A4C /* HapticsManager.swift in Sources */ = {isa = PBXBuildFile; fileRef = 5ACF890226CEA36A00149A4C /* HapticsManager.swift */; };
		5ACF890526CEA38D00149A4C /* Playlist.swift in Sources */ = {isa = PBXBuildFile; fileRef = 5ACF890426CEA38D00149A4C /* Playlist.swift */; };
		5ACF890726CEA39900149A4C /* AudioTrack.swift in Sources */ = {isa = PBXBuildFile; fileRef = 5ACF890626CEA39900149A4C /* AudioTrack.swift */; };
		5ACF890926CEA3A600149A4C /* Artist.swift in Sources */ = {isa = PBXBuildFile; fileRef = 5ACF890826CEA3A600149A4C /* Artist.swift */; };
		5ACF890B26CEA3BA00149A4C /* UserProfile.swift in Sources */ = {isa = PBXBuildFile; fileRef = 5ACF890A26CEA3BA00149A4C /* UserProfile.swift */; };
		5AE900C826CCFDB2000008EB /* AppDelegate.swift in Sources */ = {isa = PBXBuildFile; fileRef = 5AE900C726CCFDB2000008EB /* AppDelegate.swift */; };
		5AE900CA26CCFDB2000008EB /* SceneDelegate.swift in Sources */ = {isa = PBXBuildFile; fileRef = 5AE900C926CCFDB2000008EB /* SceneDelegate.swift */; };
		5AE900CC26CCFDB2000008EB /* HomeViewController.swift in Sources */ = {isa = PBXBuildFile; fileRef = 5AE900CB26CCFDB2000008EB /* HomeViewController.swift */; };
		5AE900D126CCFDB3000008EB /* Assets.xcassets in Resources */ = {isa = PBXBuildFile; fileRef = 5AE900D026CCFDB3000008EB /* Assets.xcassets */; };
		5AE900D426CCFDB3000008EB /* LaunchScreen.storyboard in Resources */ = {isa = PBXBuildFile; fileRef = 5AE900D226CCFDB3000008EB /* LaunchScreen.storyboard */; };
/* End PBXBuildFile section */

/* Begin PBXFileReference section */
		5ACF88E826CEA1F400149A4C /* TabBarViewController.swift */ = {isa = PBXFileReference; lastKnownFileType = sourcecode.swift; path = TabBarViewController.swift; sourceTree = "<group>"; };
		5ACF88EA26CEA21A00149A4C /* SearchViewController.swift */ = {isa = PBXFileReference; lastKnownFileType = sourcecode.swift; path = SearchViewController.swift; sourceTree = "<group>"; };
		5ACF88EC26CEA22900149A4C /* LibraryViewController.swift */ = {isa = PBXFileReference; lastKnownFileType = sourcecode.swift; path = LibraryViewController.swift; sourceTree = "<group>"; };
		5ACF88F026CEA26E00149A4C /* AuthViewController.swift */ = {isa = PBXFileReference; lastKnownFileType = sourcecode.swift; path = AuthViewController.swift; sourceTree = "<group>"; };
		5ACF88F226CEA28600149A4C /* WelcomeViewController.swift */ = {isa = PBXFileReference; lastKnownFileType = sourcecode.swift; path = WelcomeViewController.swift; sourceTree = "<group>"; };
		5ACF88F426CEA29D00149A4C /* SettingsViewController.swift */ = {isa = PBXFileReference; lastKnownFileType = sourcecode.swift; path = SettingsViewController.swift; sourceTree = "<group>"; };
		5ACF88F626CEA2AD00149A4C /* ProfileViewController.swift */ = {isa = PBXFileReference; lastKnownFileType = sourcecode.swift; path = ProfileViewController.swift; sourceTree = "<group>"; };
		5ACF88F826CEA2B900149A4C /* PlayerViewController.swift */ = {isa = PBXFileReference; lastKnownFileType = sourcecode.swift; path = PlayerViewController.swift; sourceTree = "<group>"; };
		5ACF88FA26CEA2E700149A4C /* PlaylistViewController.swift */ = {isa = PBXFileReference; lastKnownFileType = sourcecode.swift; path = PlaylistViewController.swift; sourceTree = "<group>"; };
		5ACF88FC26CEA2F900149A4C /* SearchResultViewController.swift */ = {isa = PBXFileReference; lastKnownFileType = sourcecode.swift; path = SearchResultViewController.swift; sourceTree = "<group>"; };
		5ACF88FE26CEA34A00149A4C /* AuthManager.swift */ = {isa = PBXFileReference; lastKnownFileType = sourcecode.swift; path = AuthManager.swift; sourceTree = "<group>"; };
		5ACF890026CEA35A00149A4C /* APICaller.swift */ = {isa = PBXFileReference; lastKnownFileType = sourcecode.swift; path = APICaller.swift; sourceTree = "<group>"; };
		5ACF890226CEA36A00149A4C /* HapticsManager.swift */ = {isa = PBXFileReference; lastKnownFileType = sourcecode.swift; path = HapticsManager.swift; sourceTree = "<group>"; };
		5ACF890426CEA38D00149A4C /* Playlist.swift */ = {isa = PBXFileReference; lastKnownFileType = sourcecode.swift; path = Playlist.swift; sourceTree = "<group>"; };
		5ACF890626CEA39900149A4C /* AudioTrack.swift */ = {isa = PBXFileReference; lastKnownFileType = sourcecode.swift; path = AudioTrack.swift; sourceTree = "<group>"; };
		5ACF890826CEA3A600149A4C /* Artist.swift */ = {isa = PBXFileReference; lastKnownFileType = sourcecode.swift; path = Artist.swift; sourceTree = "<group>"; };
		5ACF890A26CEA3BA00149A4C /* UserProfile.swift */ = {isa = PBXFileReference; lastKnownFileType = sourcecode.swift; path = UserProfile.swift; sourceTree = "<group>"; };
		5AE900C426CCFDB2000008EB /* UIKit Spotify Clone.app */ = {isa = PBXFileReference; explicitFileType = wrapper.application; includeInIndex = 0; path = "UIKit Spotify Clone.app"; sourceTree = BUILT_PRODUCTS_DIR; };
		5AE900C726CCFDB2000008EB /* AppDelegate.swift */ = {isa = PBXFileReference; lastKnownFileType = sourcecode.swift; path = AppDelegate.swift; sourceTree = "<group>"; };
		5AE900C926CCFDB2000008EB /* SceneDelegate.swift */ = {isa = PBXFileReference; lastKnownFileType = sourcecode.swift; path = SceneDelegate.swift; sourceTree = "<group>"; };
		5AE900CB26CCFDB2000008EB /* HomeViewController.swift */ = {isa = PBXFileReference; lastKnownFileType = sourcecode.swift; path = HomeViewController.swift; sourceTree = "<group>"; };
		5AE900D026CCFDB3000008EB /* Assets.xcassets */ = {isa = PBXFileReference; lastKnownFileType = folder.assetcatalog; path = Assets.xcassets; sourceTree = "<group>"; };
		5AE900D326CCFDB3000008EB /* Base */ = {isa = PBXFileReference; lastKnownFileType = file.storyboard; name = Base; path = Base.lproj/LaunchScreen.storyboard; sourceTree = "<group>"; };
		5AE900D526CCFDB3000008EB /* Info.plist */ = {isa = PBXFileReference; lastKnownFileType = text.plist.xml; path = Info.plist; sourceTree = "<group>"; };
/* End PBXFileReference section */

/* Begin PBXFrameworksBuildPhase section */
		5AE900C126CCFDB2000008EB /* Frameworks */ = {
			isa = PBXFrameworksBuildPhase;
			buildActionMask = 2147483647;
			files = (
			);
			runOnlyForDeploymentPostprocessing = 0;
		};
/* End PBXFrameworksBuildPhase section */

/* Begin PBXGroup section */
		5ACF88EE26CEA23F00149A4C /* Core */ = {
			isa = PBXGroup;
			children = (
				5ACF88E826CEA1F400149A4C /* TabBarViewController.swift */,
				5AE900CB26CCFDB2000008EB /* HomeViewController.swift */,
				5ACF88EA26CEA21A00149A4C /* SearchViewController.swift */,
				5ACF88EC26CEA22900149A4C /* LibraryViewController.swift */,
			);
			path = Core;
			sourceTree = "<group>";
		};
		5ACF88EF26CEA25E00149A4C /* Other */ = {
			isa = PBXGroup;
			children = (
				5ACF88F026CEA26E00149A4C /* AuthViewController.swift */,
				5ACF88F226CEA28600149A4C /* WelcomeViewController.swift */,
				5ACF88F426CEA29D00149A4C /* SettingsViewController.swift */,
				5ACF88F626CEA2AD00149A4C /* ProfileViewController.swift */,
				5ACF88F826CEA2B900149A4C /* PlayerViewController.swift */,
				5ACF88FA26CEA2E700149A4C /* PlaylistViewController.swift */,
				5ACF88FC26CEA2F900149A4C /* SearchResultViewController.swift */,
			);
			path = Other;
			sourceTree = "<group>";
		};
		5AE900BB26CCFDB2000008EB = {
			isa = PBXGroup;
			children = (
				5AE900C626CCFDB2000008EB /* UIKit Spotify Clone */,
				5AE900C526CCFDB2000008EB /* Products */,
			);
			sourceTree = "<group>";
		};
		5AE900C526CCFDB2000008EB /* Products */ = {
			isa = PBXGroup;
			children = (
				5AE900C426CCFDB2000008EB /* UIKit Spotify Clone.app */,
			);
			name = Products;
			sourceTree = "<group>";
		};
		5AE900C626CCFDB2000008EB /* UIKit Spotify Clone */ = {
			isa = PBXGroup;
			children = (
				5AE900E026CCFDE8000008EB /* Resources */,
				5AE900DE26CCFDDE000008EB /* Managers */,
				5AE900DD26CCFDD9000008EB /* ViewModels */,
				5AE900DC26CCFDD3000008EB /* Models */,
				5AE900DB26CCFDCD000008EB /* View */,
				5AE900DF26CCFDE3000008EB /* Controllers */,
				5AE900D526CCFDB3000008EB /* Info.plist */,
			);
			path = "UIKit Spotify Clone";
			sourceTree = "<group>";
		};
		5AE900DB26CCFDCD000008EB /* View */ = {
			isa = PBXGroup;
			children = (
				5AE900D226CCFDB3000008EB /* LaunchScreen.storyboard */,
			);
			path = View;
			sourceTree = "<group>";
		};
		5AE900DC26CCFDD3000008EB /* Models */ = {
			isa = PBXGroup;
			children = (
				5ACF890426CEA38D00149A4C /* Playlist.swift */,
				5ACF890626CEA39900149A4C /* AudioTrack.swift */,
				5ACF890826CEA3A600149A4C /* Artist.swift */,
				5ACF890A26CEA3BA00149A4C /* UserProfile.swift */,
			);
			path = Models;
			sourceTree = "<group>";
		};
		5AE900DD26CCFDD9000008EB /* ViewModels */ = {
			isa = PBXGroup;
			children = (
			);
			path = ViewModels;
			sourceTree = "<group>";
		};
		5AE900DE26CCFDDE000008EB /* Managers */ = {
			isa = PBXGroup;
			children = (
				5ACF88FE26CEA34A00149A4C /* AuthManager.swift */,
				5ACF890026CEA35A00149A4C /* APICaller.swift */,
				5ACF890226CEA36A00149A4C /* HapticsManager.swift */,
			);
			path = Managers;
			sourceTree = "<group>";
		};
		5AE900DF26CCFDE3000008EB /* Controllers */ = {
			isa = PBXGroup;
			children = (
				5ACF88EF26CEA25E00149A4C /* Other */,
				5ACF88EE26CEA23F00149A4C /* Core */,
			);
			path = Controllers;
			sourceTree = "<group>";
		};
		5AE900E026CCFDE8000008EB /* Resources */ = {
			isa = PBXGroup;
			children = (
				5AE900D026CCFDB3000008EB /* Assets.xcassets */,
				5AE900C726CCFDB2000008EB /* AppDelegate.swift */,
				5AE900C926CCFDB2000008EB /* SceneDelegate.swift */,
			);
			path = Resources;
			sourceTree = "<group>";
		};
/* End PBXGroup section */

/* Begin PBXNativeTarget section */
		5AE900C326CCFDB2000008EB /* UIKit Spotify Clone */ = {
			isa = PBXNativeTarget;
			buildConfigurationList = 5AE900D826CCFDB3000008EB /* Build configuration list for PBXNativeTarget "UIKit Spotify Clone" */;
			buildPhases = (
				5AE900C026CCFDB2000008EB /* Sources */,
				5AE900C126CCFDB2000008EB /* Frameworks */,
				5AE900C226CCFDB2000008EB /* Resources */,
			);
			buildRules = (
			);
			dependencies = (
			);
			name = "UIKit Spotify Clone";
			productName = "UIKit Spotify Clone";
			productReference = 5AE900C426CCFDB2000008EB /* UIKit Spotify Clone.app */;
			productType = "com.apple.product-type.application";
		};
/* End PBXNativeTarget section */

/* Begin PBXProject section */
		5AE900BC26CCFDB2000008EB /* Project object */ = {
			isa = PBXProject;
			attributes = {
				LastSwiftUpdateCheck = 1250;
				LastUpgradeCheck = 1250;
				TargetAttributes = {
					5AE900C326CCFDB2000008EB = {
						CreatedOnToolsVersion = 12.5.1;
					};
				};
			};
			buildConfigurationList = 5AE900BF26CCFDB2000008EB /* Build configuration list for PBXProject "UIKit Spotify Clone" */;
			compatibilityVersion = "Xcode 9.3";
			developmentRegion = en;
			hasScannedForEncodings = 0;
			knownRegions = (
				en,
				Base,
			);
			mainGroup = 5AE900BB26CCFDB2000008EB;
			productRefGroup = 5AE900C526CCFDB2000008EB /* Products */;
			projectDirPath = "";
			projectRoot = "";
			targets = (
				5AE900C326CCFDB2000008EB /* UIKit Spotify Clone */,
			);
		};
/* End PBXProject section */

/* Begin PBXResourcesBuildPhase section */
		5AE900C226CCFDB2000008EB /* Resources */ = {
			isa = PBXResourcesBuildPhase;
			buildActionMask = 2147483647;
			files = (
				5AE900D426CCFDB3000008EB /* LaunchScreen.storyboard in Resources */,
				5AE900D126CCFDB3000008EB /* Assets.xcassets in Resources */,
			);
			runOnlyForDeploymentPostprocessing = 0;
		};
/* End PBXResourcesBuildPhase section */

/* Begin PBXSourcesBuildPhase section */
		5AE900C026CCFDB2000008EB /* Sources */ = {
			isa = PBXSourcesBuildPhase;
			buildActionMask = 2147483647;
			files = (
				5ACF88EB26CEA21A00149A4C /* SearchViewController.swift in Sources */,
				5ACF890526CEA38D00149A4C /* Playlist.swift in Sources */,
				5ACF88FF26CEA34A00149A4C /* AuthManager.swift in Sources */,
				5ACF88F326CEA28600149A4C /* WelcomeViewController.swift in Sources */,
				5ACF88F726CEA2AD00149A4C /* ProfileViewController.swift in Sources */,
				5ACF88E926CEA1F400149A4C /* TabBarViewController.swift in Sources */,
				5AE900CC26CCFDB2000008EB /* HomeViewController.swift in Sources */,
				5ACF890326CEA36A00149A4C /* HapticsManager.swift in Sources */,
				5ACF890726CEA39900149A4C /* AudioTrack.swift in Sources */,
				5ACF88F126CEA26E00149A4C /* AuthViewController.swift in Sources */,
				5AE900C826CCFDB2000008EB /* AppDelegate.swift in Sources */,
				5ACF88ED26CEA22900149A4C /* LibraryViewController.swift in Sources */,
				5ACF890B26CEA3BA00149A4C /* UserProfile.swift in Sources */,
				5ACF88FB26CEA2E700149A4C /* PlaylistViewController.swift in Sources */,
				5ACF890926CEA3A600149A4C /* Artist.swift in Sources */,
				5AE900CA26CCFDB2000008EB /* SceneDelegate.swift in Sources */,
				5ACF88F926CEA2B900149A4C /* PlayerViewController.swift in Sources */,
				5ACF88FD26CEA2F900149A4C /* SearchResultViewController.swift in Sources */,
				5ACF890126CEA35A00149A4C /* APICaller.swift in Sources */,
				5ACF88F526CEA29D00149A4C /* SettingsViewController.swift in Sources */,
			);
			runOnlyForDeploymentPostprocessing = 0;
		};
/* End PBXSourcesBuildPhase section */

/* Begin PBXVariantGroup section */
		5AE900D226CCFDB3000008EB /* LaunchScreen.storyboard */ = {
			isa = PBXVariantGroup;
			children = (
				5AE900D326CCFDB3000008EB /* Base */,
			);
			name = LaunchScreen.storyboard;
			sourceTree = "<group>";
		};
/* End PBXVariantGroup section */

/* Begin XCBuildConfiguration section */
		5AE900D626CCFDB3000008EB /* Debug */ = {
			isa = XCBuildConfiguration;
			buildSettings = {
				ALWAYS_SEARCH_USER_PATHS = NO;
				CLANG_ANALYZER_NONNULL = YES;
				CLANG_ANALYZER_NUMBER_OBJECT_CONVERSION = YES_AGGRESSIVE;
				CLANG_CXX_LANGUAGE_STANDARD = "gnu++14";
				CLANG_CXX_LIBRARY = "libc++";
				CLANG_ENABLE_MODULES = YES;
				CLANG_ENABLE_OBJC_ARC = YES;
				CLANG_ENABLE_OBJC_WEAK = YES;
				CLANG_WARN_BLOCK_CAPTURE_AUTORELEASING = YES;
				CLANG_WARN_BOOL_CONVERSION = YES;
				CLANG_WARN_COMMA = YES;
				CLANG_WARN_CONSTANT_CONVERSION = YES;
				CLANG_WARN_DEPRECATED_OBJC_IMPLEMENTATIONS = YES;
				CLANG_WARN_DIRECT_OBJC_ISA_USAGE = YES_ERROR;
				CLANG_WARN_DOCUMENTATION_COMMENTS = YES;
				CLANG_WARN_EMPTY_BODY = YES;
				CLANG_WARN_ENUM_CONVERSION = YES;
				CLANG_WARN_INFINITE_RECURSION = YES;
				CLANG_WARN_INT_CONVERSION = YES;
				CLANG_WARN_NON_LITERAL_NULL_CONVERSION = YES;
				CLANG_WARN_OBJC_IMPLICIT_RETAIN_SELF = YES;
				CLANG_WARN_OBJC_LITERAL_CONVERSION = YES;
				CLANG_WARN_OBJC_ROOT_CLASS = YES_ERROR;
				CLANG_WARN_QUOTED_INCLUDE_IN_FRAMEWORK_HEADER = YES;
				CLANG_WARN_RANGE_LOOP_ANALYSIS = YES;
				CLANG_WARN_STRICT_PROTOTYPES = YES;
				CLANG_WARN_SUSPICIOUS_MOVE = YES;
				CLANG_WARN_UNGUARDED_AVAILABILITY = YES_AGGRESSIVE;
				CLANG_WARN_UNREACHABLE_CODE = YES;
				CLANG_WARN__DUPLICATE_METHOD_MATCH = YES;
				COPY_PHASE_STRIP = NO;
				DEBUG_INFORMATION_FORMAT = dwarf;
				ENABLE_STRICT_OBJC_MSGSEND = YES;
				ENABLE_TESTABILITY = YES;
				GCC_C_LANGUAGE_STANDARD = gnu11;
				GCC_DYNAMIC_NO_PIC = NO;
				GCC_NO_COMMON_BLOCKS = YES;
				GCC_OPTIMIZATION_LEVEL = 0;
				GCC_PREPROCESSOR_DEFINITIONS = (
					"DEBUG=1",
					"$(inherited)",
				);
				GCC_WARN_64_TO_32_BIT_CONVERSION = YES;
				GCC_WARN_ABOUT_RETURN_TYPE = YES_ERROR;
				GCC_WARN_UNDECLARED_SELECTOR = YES;
				GCC_WARN_UNINITIALIZED_AUTOS = YES_AGGRESSIVE;
				GCC_WARN_UNUSED_FUNCTION = YES;
				GCC_WARN_UNUSED_VARIABLE = YES;
				IPHONEOS_DEPLOYMENT_TARGET = 14.5;
				MTL_ENABLE_DEBUG_INFO = INCLUDE_SOURCE;
				MTL_FAST_MATH = YES;
				ONLY_ACTIVE_ARCH = YES;
				SDKROOT = iphoneos;
				SWIFT_ACTIVE_COMPILATION_CONDITIONS = DEBUG;
				SWIFT_OPTIMIZATION_LEVEL = "-Onone";
			};
			name = Debug;
		};
		5AE900D726CCFDB3000008EB /* Release */ = {
			isa = XCBuildConfiguration;
			buildSettings = {
				ALWAYS_SEARCH_USER_PATHS = NO;
				CLANG_ANALYZER_NONNULL = YES;
				CLANG_ANALYZER_NUMBER_OBJECT_CONVERSION = YES_AGGRESSIVE;
				CLANG_CXX_LANGUAGE_STANDARD = "gnu++14";
				CLANG_CXX_LIBRARY = "libc++";
				CLANG_ENABLE_MODULES = YES;
				CLANG_ENABLE_OBJC_ARC = YES;
				CLANG_ENABLE_OBJC_WEAK = YES;
				CLANG_WARN_BLOCK_CAPTURE_AUTORELEASING = YES;
				CLANG_WARN_BOOL_CONVERSION = YES;
				CLANG_WARN_COMMA = YES;
				CLANG_WARN_CONSTANT_CONVERSION = YES;
				CLANG_WARN_DEPRECATED_OBJC_IMPLEMENTATIONS = YES;
				CLANG_WARN_DIRECT_OBJC_ISA_USAGE = YES_ERROR;
				CLANG_WARN_DOCUMENTATION_COMMENTS = YES;
				CLANG_WARN_EMPTY_BODY = YES;
				CLANG_WARN_ENUM_CONVERSION = YES;
				CLANG_WARN_INFINITE_RECURSION = YES;
				CLANG_WARN_INT_CONVERSION = YES;
				CLANG_WARN_NON_LITERAL_NULL_CONVERSION = YES;
				CLANG_WARN_OBJC_IMPLICIT_RETAIN_SELF = YES;
				CLANG_WARN_OBJC_LITERAL_CONVERSION = YES;
				CLANG_WARN_OBJC_ROOT_CLASS = YES_ERROR;
				CLANG_WARN_QUOTED_INCLUDE_IN_FRAMEWORK_HEADER = YES;
				CLANG_WARN_RANGE_LOOP_ANALYSIS = YES;
				CLANG_WARN_STRICT_PROTOTYPES = YES;
				CLANG_WARN_SUSPICIOUS_MOVE = YES;
				CLANG_WARN_UNGUARDED_AVAILABILITY = YES_AGGRESSIVE;
				CLANG_WARN_UNREACHABLE_CODE = YES;
				CLANG_WARN__DUPLICATE_METHOD_MATCH = YES;
				COPY_PHASE_STRIP = NO;
				DEBUG_INFORMATION_FORMAT = "dwarf-with-dsym";
				ENABLE_NS_ASSERTIONS = NO;
				ENABLE_STRICT_OBJC_MSGSEND = YES;
				GCC_C_LANGUAGE_STANDARD = gnu11;
				GCC_NO_COMMON_BLOCKS = YES;
				GCC_WARN_64_TO_32_BIT_CONVERSION = YES;
				GCC_WARN_ABOUT_RETURN_TYPE = YES_ERROR;
				GCC_WARN_UNDECLARED_SELECTOR = YES;
				GCC_WARN_UNINITIALIZED_AUTOS = YES_AGGRESSIVE;
				GCC_WARN_UNUSED_FUNCTION = YES;
				GCC_WARN_UNUSED_VARIABLE = YES;
				IPHONEOS_DEPLOYMENT_TARGET = 14.5;
				MTL_ENABLE_DEBUG_INFO = NO;
				MTL_FAST_MATH = YES;
				SDKROOT = iphoneos;
				SWIFT_COMPILATION_MODE = wholemodule;
				SWIFT_OPTIMIZATION_LEVEL = "-O";
				VALIDATE_PRODUCT = YES;
			};
			name = Release;
		};
		5AE900D926CCFDB3000008EB /* Debug */ = {
			isa = XCBuildConfiguration;
			buildSettings = {
				ASSETCATALOG_COMPILER_APPICON_NAME = AppIcon;
				ASSETCATALOG_COMPILER_GLOBAL_ACCENT_COLOR_NAME = AccentColor;
				CODE_SIGN_STYLE = Automatic;
				DEVELOPMENT_TEAM = P87BGS4HZC;
				INFOPLIST_FILE = "UIKit Spotify Clone/Info.plist";
				LD_RUNPATH_SEARCH_PATHS = (
					"$(inherited)",
					"@executable_path/Frameworks",
				);
				PRODUCT_BUNDLE_IDENTIFIER = "com.taeeun-kim.UIKit-Spotify-Clone";
				PRODUCT_NAME = "$(TARGET_NAME)";
				SWIFT_VERSION = 5.0;
				TARGETED_DEVICE_FAMILY = "1,2";
			};
			name = Debug;
		};
		5AE900DA26CCFDB3000008EB /* Release */ = {
			isa = XCBuildConfiguration;
			buildSettings = {
				ASSETCATALOG_COMPILER_APPICON_NAME = AppIcon;
				ASSETCATALOG_COMPILER_GLOBAL_ACCENT_COLOR_NAME = AccentColor;
				CODE_SIGN_STYLE = Automatic;
				DEVELOPMENT_TEAM = P87BGS4HZC;
				INFOPLIST_FILE = "UIKit Spotify Clone/Info.plist";
				LD_RUNPATH_SEARCH_PATHS = (
					"$(inherited)",
					"@executable_path/Frameworks",
				);
				PRODUCT_BUNDLE_IDENTIFIER = "com.taeeun-kim.UIKit-Spotify-Clone";
				PRODUCT_NAME = "$(TARGET_NAME)";
				SWIFT_VERSION = 5.0;
				TARGETED_DEVICE_FAMILY = "1,2";
			};
			name = Release;
		};
/* End XCBuildConfiguration section */

/* Begin XCConfigurationList section */
		5AE900BF26CCFDB2000008EB /* Build configuration list for PBXProject "UIKit Spotify Clone" */ = {
			isa = XCConfigurationList;
			buildConfigurations = (
				5AE900D626CCFDB3000008EB /* Debug */,
				5AE900D726CCFDB3000008EB /* Release */,
			);
			defaultConfigurationIsVisible = 0;
			defaultConfigurationName = Release;
		};
		5AE900D826CCFDB3000008EB /* Build configuration list for PBXNativeTarget "UIKit Spotify Clone" */ = {
			isa = XCConfigurationList;
			buildConfigurations = (
				5AE900D926CCFDB3000008EB /* Debug */,
				5AE900DA26CCFDB3000008EB /* Release */,
			);
			defaultConfigurationIsVisible = 0;
			defaultConfigurationName = Release;
		};
/* End XCConfigurationList section */
	};
	rootObject = 5AE900BC26CCFDB2000008EB /* Project object */;
}
