// !$*UTF8*$!
{
	archiveVersion = 1;
	classes = {
	};
	objectVersion = 50;
	objects = {

/* Begin PBXBuildFile section */
		BB44CF9225991FEF008B3EDF /* Custom_View_ModifiersApp.swift in Sources */ = {isa = PBXBuildFile; fileRef = BB44CF9125991FEF008B3EDF /* Custom_View_ModifiersApp.swift */; };
		BB44CF9425991FEF008B3EDF /* ContentView.swift in Sources */ = {isa = PBXBuildFile; fileRef = BB44CF9325991FEF008B3EDF /* ContentView.swift */; };
		BB44CF9625991FEF008B3EDF /* Assets.xcassets in Resources */ = {isa = PBXBuildFile; fileRef = BB44CF9525991FEF008B3EDF /* Assets.xcassets */; };
		BB44CF9925991FEF008B3EDF /* Preview Assets.xcassets in Resources */ = {isa = PBXBuildFile; fileRef = BB44CF9825991FEF008B3EDF /* Preview Assets.xcassets */; };
		BB9A7C5B259A782B00D18E11 /* Custom Modifiers.swift in Sources */ = {isa = PBXBuildFile; fileRef = BB9A7C5A259A782B00D18E11 /* Custom Modifiers.swift */; };
		BBD79E9B259944220032DFDB /* MyImage.swift in Sources */ = {isa = PBXBuildFile; fileRef = BBD79E9A259944220032DFDB /* MyImage.swift */; };
/* End PBXBuildFile section */

/* Begin PBXFileReference section */
		BB44CF8E25991FEF008B3EDF /* Custom View Modifiers.app */ = {isa = PBXFileReference; explicitFileType = wrapper.application; includeInIndex = 0; path = "Custom View Modifiers.app"; sourceTree = BUILT_PRODUCTS_DIR; };
		BB44CF9125991FEF008B3EDF /* Custom_View_ModifiersApp.swift */ = {isa = PBXFileReference; lastKnownFileType = sourcecode.swift; path = Custom_View_ModifiersApp.swift; sourceTree = "<group>"; };
		BB44CF9325991FEF008B3EDF /* ContentView.swift */ = {isa = PBXFileReference; lastKnownFileType = sourcecode.swift; path = ContentView.swift; sourceTree = "<group>"; };
		BB44CF9525991FEF008B3EDF /* Assets.xcassets */ = {isa = PBXFileReference; lastKnownFileType = folder.assetcatalog; path = Assets.xcassets; sourceTree = "<group>"; };
		BB44CF9825991FEF008B3EDF /* Preview Assets.xcassets */ = {isa = PBXFileReference; lastKnownFileType = folder.assetcatalog; path = "Preview Assets.xcassets"; sourceTree = "<group>"; };
		BB44CF9A25991FEF008B3EDF /* Info.plist */ = {isa = PBXFileReference; lastKnownFileType = text.plist.xml; path = Info.plist; sourceTree = "<group>"; };
		BB9A7C5A259A782B00D18E11 /* Custom Modifiers.swift */ = {isa = PBXFileReference; lastKnownFileType = sourcecode.swift; path = "Custom Modifiers.swift"; sourceTree = "<group>"; };
		BBD79E9A259944220032DFDB /* MyImage.swift */ = {isa = PBXFileReference; lastKnownFileType = sourcecode.swift; path = MyImage.swift; sourceTree = "<group>"; };
/* End PBXFileReference section */

/* Begin PBXFrameworksBuildPhase section */
		BB44CF8B25991FEF008B3EDF /* Frameworks */ = {
			isa = PBXFrameworksBuildPhase;
			buildActionMask = 2147483647;
			files = (
			);
			runOnlyForDeploymentPostprocessing = 0;
		};
/* End PBXFrameworksBuildPhase section */

/* Begin PBXGroup section */
		BB44CF8525991FEF008B3EDF = {
			isa = PBXGroup;
			children = (
				BB44CF9025991FEF008B3EDF /* Custom View Modifiers */,
				BB44CF8F25991FEF008B3EDF /* Products */,
			);
			sourceTree = "<group>";
		};
		BB44CF8F25991FEF008B3EDF /* Products */ = {
			isa = PBXGroup;
			children = (
				BB44CF8E25991FEF008B3EDF /* Custom View Modifiers.app */,
			);
			name = Products;
			sourceTree = "<group>";
		};
		BB44CF9025991FEF008B3EDF /* Custom View Modifiers */ = {
			isa = PBXGroup;
			children = (
				BB44CF9125991FEF008B3EDF /* Custom_View_ModifiersApp.swift */,
				BB44CF9325991FEF008B3EDF /* ContentView.swift */,
				BB9A7C5A259A782B00D18E11 /* Custom Modifiers.swift */,
				BBD79E9A259944220032DFDB /* MyImage.swift */,
				BB44CF9525991FEF008B3EDF /* Assets.xcassets */,
				BB44CF9A25991FEF008B3EDF /* Info.plist */,
				BB44CF9725991FEF008B3EDF /* Preview Content */,
			);
			path = "Custom View Modifiers";
			sourceTree = "<group>";
		};
		BB44CF9725991FEF008B3EDF /* Preview Content */ = {
			isa = PBXGroup;
			children = (
				BB44CF9825991FEF008B3EDF /* Preview Assets.xcassets */,
			);
			path = "Preview Content";
			sourceTree = "<group>";
		};
/* End PBXGroup section */

/* Begin PBXNativeTarget section */
		BB44CF8D25991FEF008B3EDF /* Custom View Modifiers */ = {
			isa = PBXNativeTarget;
			buildConfigurationList = BB44CF9D25991FEF008B3EDF /* Build configuration list for PBXNativeTarget "Custom View Modifiers" */;
			buildPhases = (
				BB44CF8A25991FEF008B3EDF /* Sources */,
				BB44CF8B25991FEF008B3EDF /* Frameworks */,
				BB44CF8C25991FEF008B3EDF /* Resources */,
			);
			buildRules = (
			);
			dependencies = (
			);
			name = "Custom View Modifiers";
			productName = "Custom View Modifiers";
			productReference = BB44CF8E25991FEF008B3EDF /* Custom View Modifiers.app */;
			productType = "com.apple.product-type.application";
		};
/* End PBXNativeTarget section */

/* Begin PBXProject section */
		BB44CF8625991FEF008B3EDF /* Project object */ = {
			isa = PBXProject;
			attributes = {
				LastSwiftUpdateCheck = 1230;
				LastUpgradeCheck = 1230;
				TargetAttributes = {
					BB44CF8D25991FEF008B3EDF = {
						CreatedOnToolsVersion = 12.3;
					};
				};
			};
			buildConfigurationList = BB44CF8925991FEF008B3EDF /* Build configuration list for PBXProject "Custom View Modifiers" */;
			compatibilityVersion = "Xcode 9.3";
			developmentRegion = en;
			hasScannedForEncodings = 0;
			knownRegions = (
				en,
				Base,
			);
			mainGroup = BB44CF8525991FEF008B3EDF;
			productRefGroup = BB44CF8F25991FEF008B3EDF /* Products */;
			projectDirPath = "";
			projectRoot = "";
			targets = (
				BB44CF8D25991FEF008B3EDF /* Custom View Modifiers */,
			);
		};
/* End PBXProject section */

/* Begin PBXResourcesBuildPhase section */
		BB44CF8C25991FEF008B3EDF /* Resources */ = {
			isa = PBXResourcesBuildPhase;
			buildActionMask = 2147483647;
			files = (
				BB44CF9925991FEF008B3EDF /* Preview Assets.xcassets in Resources */,
				BB44CF9625991FEF008B3EDF /* Assets.xcassets in Resources */,
			);
			runOnlyForDeploymentPostprocessing = 0;
		};
/* End PBXResourcesBuildPhase section */

/* Begin PBXSourcesBuildPhase section */
		BB44CF8A25991FEF008B3EDF /* Sources */ = {
			isa = PBXSourcesBuildPhase;
			buildActionMask = 2147483647;
			files = (
				BBD79E9B259944220032DFDB /* MyImage.swift in Sources */,
				BB44CF9425991FEF008B3EDF /* ContentView.swift in Sources */,
				BB9A7C5B259A782B00D18E11 /* Custom Modifiers.swift in Sources */,
				BB44CF9225991FEF008B3EDF /* Custom_View_ModifiersApp.swift in Sources */,
			);
			runOnlyForDeploymentPostprocessing = 0;
		};
/* End PBXSourcesBuildPhase section */

/* Begin XCBuildConfiguration section */
		BB44CF9B25991FEF008B3EDF /* Debug */ = {
			isa = XCBuildConfiguration;
			buildSettings = {
				ALWAYS_SEARCH_USER_PATHS = NO;
				CLANG_ANALYZER_NONNULL = YES;
				CLANG_ANALYZER_NUMBER_OBJECT_CONVERSION = YES_AGGRESSIVE;
				CLANG_CXX_LANGUAGE_STANDARD = "gnu++14";
				CLANG_CXX_LIBRARY = "libc++";
				CLANG_ENABLE_MODULES = YES;
				CLANG_ENABLE_OBJC_ARC = YES;
				CLANG_ENABLE_OBJC_WEAK = YES;
				CLANG_WARN_BLOCK_CAPTURE_AUTORELEASING = YES;
				CLANG_WARN_BOOL_CONVERSION = YES;
				CLANG_WARN_COMMA = YES;
				CLANG_WARN_CONSTANT_CONVERSION = YES;
				CLANG_WARN_DEPRECATED_OBJC_IMPLEMENTATIONS = YES;
				CLANG_WARN_DIRECT_OBJC_ISA_USAGE = YES_ERROR;
				CLANG_WARN_DOCUMENTATION_COMMENTS = YES;
				CLANG_WARN_EMPTY_BODY = YES;
				CLANG_WARN_ENUM_CONVERSION = YES;
				CLANG_WARN_INFINITE_RECURSION = YES;
				CLANG_WARN_INT_CONVERSION = YES;
				CLANG_WARN_NON_LITERAL_NULL_CONVERSION = YES;
				CLANG_WARN_OBJC_IMPLICIT_RETAIN_SELF = YES;
				CLANG_WARN_OBJC_LITERAL_CONVERSION = YES;
				CLANG_WARN_OBJC_ROOT_CLASS = YES_ERROR;
				CLANG_WARN_QUOTED_INCLUDE_IN_FRAMEWORK_HEADER = YES;
				CLANG_WARN_RANGE_LOOP_ANALYSIS = YES;
				CLANG_WARN_STRICT_PROTOTYPES = YES;
				CLANG_WARN_SUSPICIOUS_MOVE = YES;
				CLANG_WARN_UNGUARDED_AVAILABILITY = YES_AGGRESSIVE;
				CLANG_WARN_UNREACHABLE_CODE = YES;
				CLANG_WARN__DUPLICATE_METHOD_MATCH = YES;
				COPY_PHASE_STRIP = NO;
				DEBUG_INFORMATION_FORMAT = dwarf;
				ENABLE_STRICT_OBJC_MSGSEND = YES;
				ENABLE_TESTABILITY = YES;
				GCC_C_LANGUAGE_STANDARD = gnu11;
				GCC_DYNAMIC_NO_PIC = NO;
				GCC_NO_COMMON_BLOCKS = YES;
				GCC_OPTIMIZATION_LEVEL = 0;
				GCC_PREPROCESSOR_DEFINITIONS = (
					"DEBUG=1",
					"$(inherited)",
				);
				GCC_WARN_64_TO_32_BIT_CONVERSION = YES;
				GCC_WARN_ABOUT_RETURN_TYPE = YES_ERROR;
				GCC_WARN_UNDECLARED_SELECTOR = YES;
				GCC_WARN_UNINITIALIZED_AUTOS = YES_AGGRESSIVE;
				GCC_WARN_UNUSED_FUNCTION = YES;
				GCC_WARN_UNUSED_VARIABLE = YES;
				IPHONEOS_DEPLOYMENT_TARGET = 14.3;
				MTL_ENABLE_DEBUG_INFO = INCLUDE_SOURCE;
				MTL_FAST_MATH = YES;
				ONLY_ACTIVE_ARCH = YES;
				SDKROOT = iphoneos;
				SWIFT_ACTIVE_COMPILATION_CONDITIONS = DEBUG;
				SWIFT_OPTIMIZATION_LEVEL = "-Onone";
			};
			name = Debug;
		};
		BB44CF9C25991FEF008B3EDF /* Release */ = {
			isa = XCBuildConfiguration;
			buildSettings = {
				ALWAYS_SEARCH_USER_PATHS = NO;
				CLANG_ANALYZER_NONNULL = YES;
				CLANG_ANALYZER_NUMBER_OBJECT_CONVERSION = YES_AGGRESSIVE;
				CLANG_CXX_LANGUAGE_STANDARD = "gnu++14";
				CLANG_CXX_LIBRARY = "libc++";
				CLANG_ENABLE_MODULES = YES;
				CLANG_ENABLE_OBJC_ARC = YES;
				CLANG_ENABLE_OBJC_WEAK = YES;
				CLANG_WARN_BLOCK_CAPTURE_AUTORELEASING = YES;
				CLANG_WARN_BOOL_CONVERSION = YES;
				CLANG_WARN_COMMA = YES;
				CLANG_WARN_CONSTANT_CONVERSION = YES;
				CLANG_WARN_DEPRECATED_OBJC_IMPLEMENTATIONS = YES;
				CLANG_WARN_DIRECT_OBJC_ISA_USAGE = YES_ERROR;
				CLANG_WARN_DOCUMENTATION_COMMENTS = YES;
				CLANG_WARN_EMPTY_BODY = YES;
				CLANG_WARN_ENUM_CONVERSION = YES;
				CLANG_WARN_INFINITE_RECURSION = YES;
				CLANG_WARN_INT_CONVERSION = YES;
				CLANG_WARN_NON_LITERAL_NULL_CONVERSION = YES;
				CLANG_WARN_OBJC_IMPLICIT_RETAIN_SELF = YES;
				CLANG_WARN_OBJC_LITERAL_CONVERSION = YES;
				CLANG_WARN_OBJC_ROOT_CLASS = YES_ERROR;
				CLANG_WARN_QUOTED_INCLUDE_IN_FRAMEWORK_HEADER = YES;
				CLANG_WARN_RANGE_LOOP_ANALYSIS = YES;
				CLANG_WARN_STRICT_PROTOTYPES = YES;
				CLANG_WARN_SUSPICIOUS_MOVE = YES;
				CLANG_WARN_UNGUARDED_AVAILABILITY = YES_AGGRESSIVE;
				CLANG_WARN_UNREACHABLE_CODE = YES;
				CLANG_WARN__DUPLICATE_METHOD_MATCH = YES;
				COPY_PHASE_STRIP = NO;
				DEBUG_INFORMATION_FORMAT = "dwarf-with-dsym";
				ENABLE_NS_ASSERTIONS = NO;
				ENABLE_STRICT_OBJC_MSGSEND = YES;
				GCC_C_LANGUAGE_STANDARD = gnu11;
				GCC_NO_COMMON_BLOCKS = YES;
				GCC_WARN_64_TO_32_BIT_CONVERSION = YES;
				GCC_WARN_ABOUT_RETURN_TYPE = YES_ERROR;
				GCC_WARN_UNDECLARED_SELECTOR = YES;
				GCC_WARN_UNINITIALIZED_AUTOS = YES_AGGRESSIVE;
				GCC_WARN_UNUSED_FUNCTION = YES;
				GCC_WARN_UNUSED_VARIABLE = YES;
				IPHONEOS_DEPLOYMENT_TARGET = 14.3;
				MTL_ENABLE_DEBUG_INFO = NO;
				MTL_FAST_MATH = YES;
				SDKROOT = iphoneos;
				SWIFT_COMPILATION_MODE = wholemodule;
				SWIFT_OPTIMIZATION_LEVEL = "-O";
				VALIDATE_PRODUCT = YES;
			};
			name = Release;
		};
		BB44CF9E25991FEF008B3EDF /* Debug */ = {
			isa = XCBuildConfiguration;
			buildSettings = {
				ASSETCATALOG_COMPILER_APPICON_NAME = AppIcon;
				ASSETCATALOG_COMPILER_GLOBAL_ACCENT_COLOR_NAME = AccentColor;
				CODE_SIGN_STYLE = Automatic;
				DEVELOPMENT_ASSET_PATHS = "\"Custom View Modifiers/Preview Content\"";
				DEVELOPMENT_TEAM = RKV4UP49S6;
				ENABLE_PREVIEWS = YES;
				INFOPLIST_FILE = "Custom View Modifiers/Info.plist";
				IPHONEOS_DEPLOYMENT_TARGET = 14.0;
				LD_RUNPATH_SEARCH_PATHS = (
					"$(inherited)",
					"@executable_path/Frameworks",
				);
				PRODUCT_BUNDLE_IDENTIFIER = "com.createchsol.Custom-View-Modifiers";
				PRODUCT_NAME = "$(TARGET_NAME)";
				SWIFT_VERSION = 5.0;
				TARGETED_DEVICE_FAMILY = "1,2";
			};
			name = Debug;
		};
		BB44CF9F25991FEF008B3EDF /* Release */ = {
			isa = XCBuildConfiguration;
			buildSettings = {
				ASSETCATALOG_COMPILER_APPICON_NAME = AppIcon;
				ASSETCATALOG_COMPILER_GLOBAL_ACCENT_COLOR_NAME = AccentColor;
				CODE_SIGN_STYLE = Automatic;
				DEVELOPMENT_ASSET_PATHS = "\"Custom View Modifiers/Preview Content\"";
				DEVELOPMENT_TEAM = RKV4UP49S6;
				ENABLE_PREVIEWS = YES;
				INFOPLIST_FILE = "Custom View Modifiers/Info.plist";
				IPHONEOS_DEPLOYMENT_TARGET = 14.0;
				LD_RUNPATH_SEARCH_PATHS = (
					"$(inherited)",
					"@executable_path/Frameworks",
				);
				PRODUCT_BUNDLE_IDENTIFIER = "com.createchsol.Custom-View-Modifiers";
				PRODUCT_NAME = "$(TARGET_NAME)";
				SWIFT_VERSION = 5.0;
				TARGETED_DEVICE_FAMILY = "1,2";
			};
			name = Release;
		};
/* End XCBuildConfiguration section */

/* Begin XCConfigurationList section */
		BB44CF8925991FEF008B3EDF /* Build configuration list for PBXProject "Custom View Modifiers" */ = {
			isa = XCConfigurationList;
			buildConfigurations = (
				BB44CF9B25991FEF008B3EDF /* Debug */,
				BB44CF9C25991FEF008B3EDF /* Release */,
			);
			defaultConfigurationIsVisible = 0;
			defaultConfigurationName = Release;
		};
		BB44CF9D25991FEF008B3EDF /* Build configuration list for PBXNativeTarget "Custom View Modifiers" */ = {
			isa = XCConfigurationList;
			buildConfigurations = (
				BB44CF9E25991FEF008B3EDF /* Debug */,
				BB44CF9F25991FEF008B3EDF /* Release */,
			);
			defaultConfigurationIsVisible = 0;
			defaultConfigurationName = Release;
		};
/* End XCConfigurationList section */
	};
	rootObject = BB44CF8625991FEF008B3EDF /* Project object */;
}
