// !$*UTF8*$!
{
	archiveVersion = 1;
	classes = {
	};
	objectVersion = 50;
	objects = {

/* Begin PBXBuildFile section */
		5A4EA1BF26D6D9C100726822 /* AppDelegate.swift in Sources */ = {isa = PBXBuildFile; fileRef = 5A4EA1BE26D6D9C100726822 /* AppDelegate.swift */; };
		5A4EA1C126D6D9C100726822 /* SceneDelegate.swift in Sources */ = {isa = PBXBuildFile; fileRef = 5A4EA1C026D6D9C100726822 /* SceneDelegate.swift */; };
		5A4EA1C326D6D9C100726822 /* ViewController.swift in Sources */ = {isa = PBXBuildFile; fileRef = 5A4EA1C226D6D9C100726822 /* ViewController.swift */; };
		5A4EA1C626D6D9C100726822 /* Main.storyboard in Resources */ = {isa = PBXBuildFile; fileRef = 5A4EA1C426D6D9C100726822 /* Main.storyboard */; };
		5A4EA1C826D6D9C300726822 /* Assets.xcassets in Resources */ = {isa = PBXBuildFile; fileRef = 5A4EA1C726D6D9C300726822 /* Assets.xcassets */; };
		5A4EA1CB26D6D9C300726822 /* LaunchScreen.storyboard in Resources */ = {isa = PBXBuildFile; fileRef = 5A4EA1C926D6D9C300726822 /* LaunchScreen.storyboard */; };
		5A5F932926E611C700AEC802 /* Concentration.swift in Sources */ = {isa = PBXBuildFile; fileRef = 5A5F932826E611C700AEC802 /* Concentration.swift */; };
		5A5F932B26E67C2200AEC802 /* Card.swift in Sources */ = {isa = PBXBuildFile; fileRef = 5A5F932A26E67C2200AEC802 /* Card.swift */; };
/* End PBXBuildFile section */

/* Begin PBXFileReference section */
		5A4EA1BB26D6D9C100726822 /* Concentration-UIKit.app */ = {isa = PBXFileReference; explicitFileType = wrapper.application; includeInIndex = 0; path = "Concentration-UIKit.app"; sourceTree = BUILT_PRODUCTS_DIR; };
		5A4EA1BE26D6D9C100726822 /* AppDelegate.swift */ = {isa = PBXFileReference; lastKnownFileType = sourcecode.swift; path = AppDelegate.swift; sourceTree = "<group>"; };
		5A4EA1C026D6D9C100726822 /* SceneDelegate.swift */ = {isa = PBXFileReference; lastKnownFileType = sourcecode.swift; path = SceneDelegate.swift; sourceTree = "<group>"; };
		5A4EA1C226D6D9C100726822 /* ViewController.swift */ = {isa = PBXFileReference; lastKnownFileType = sourcecode.swift; path = ViewController.swift; sourceTree = "<group>"; };
		5A4EA1C526D6D9C100726822 /* Base */ = {isa = PBXFileReference; lastKnownFileType = file.storyboard; name = Base; path = Base.lproj/Main.storyboard; sourceTree = "<group>"; };
		5A4EA1C726D6D9C300726822 /* Assets.xcassets */ = {isa = PBXFileReference; lastKnownFileType = folder.assetcatalog; path = Assets.xcassets; sourceTree = "<group>"; };
		5A4EA1CA26D6D9C300726822 /* Base */ = {isa = PBXFileReference; lastKnownFileType = file.storyboard; name = Base; path = Base.lproj/LaunchScreen.storyboard; sourceTree = "<group>"; };
		5A4EA1CC26D6D9C300726822 /* Info.plist */ = {isa = PBXFileReference; lastKnownFileType = text.plist.xml; path = Info.plist; sourceTree = "<group>"; };
		5A5F932826E611C700AEC802 /* Concentration.swift */ = {isa = PBXFileReference; lastKnownFileType = sourcecode.swift; path = Concentration.swift; sourceTree = SOURCE_ROOT; };
		5A5F932A26E67C2200AEC802 /* Card.swift */ = {isa = PBXFileReference; lastKnownFileType = sourcecode.swift; path = Card.swift; sourceTree = "<group>"; };
/* End PBXFileReference section */

/* Begin PBXFrameworksBuildPhase section */
		5A4EA1B826D6D9C100726822 /* Frameworks */ = {
			isa = PBXFrameworksBuildPhase;
			buildActionMask = 2147483647;
			files = (
			);
			runOnlyForDeploymentPostprocessing = 0;
		};
/* End PBXFrameworksBuildPhase section */

/* Begin PBXGroup section */
		5A4EA1B226D6D9C100726822 = {
			isa = PBXGroup;
			children = (
				5A4EA1BD26D6D9C100726822 /* Concentration-UIKit */,
				5A4EA1BC26D6D9C100726822 /* Products */,
			);
			sourceTree = "<group>";
		};
		5A4EA1BC26D6D9C100726822 /* Products */ = {
			isa = PBXGroup;
			children = (
				5A4EA1BB26D6D9C100726822 /* Concentration-UIKit.app */,
			);
			name = Products;
			sourceTree = "<group>";
		};
		5A4EA1BD26D6D9C100726822 /* Concentration-UIKit */ = {
			isa = PBXGroup;
			children = (
				5A5F932826E611C700AEC802 /* Concentration.swift */,
				5A5F932A26E67C2200AEC802 /* Card.swift */,
				5A4EA1BE26D6D9C100726822 /* AppDelegate.swift */,
				5A4EA1C026D6D9C100726822 /* SceneDelegate.swift */,
				5A4EA1C226D6D9C100726822 /* ViewController.swift */,
				5A4EA1C426D6D9C100726822 /* Main.storyboard */,
				5A4EA1C726D6D9C300726822 /* Assets.xcassets */,
				5A4EA1C926D6D9C300726822 /* LaunchScreen.storyboard */,
				5A4EA1CC26D6D9C300726822 /* Info.plist */,
			);
			path = "Concentration-UIKit";
			sourceTree = "<group>";
		};
/* End PBXGroup section */

/* Begin PBXNativeTarget section */
		5A4EA1BA26D6D9C100726822 /* Concentration-UIKit */ = {
			isa = PBXNativeTarget;
			buildConfigurationList = 5A4EA1CF26D6D9C300726822 /* Build configuration list for PBXNativeTarget "Concentration-UIKit" */;
			buildPhases = (
				5A4EA1B726D6D9C100726822 /* Sources */,
				5A4EA1B826D6D9C100726822 /* Frameworks */,
				5A4EA1B926D6D9C100726822 /* Resources */,
			);
			buildRules = (
			);
			dependencies = (
			);
			name = "Concentration-UIKit";
			productName = "Concentration-UIKit";
			productReference = 5A4EA1BB26D6D9C100726822 /* Concentration-UIKit.app */;
			productType = "com.apple.product-type.application";
		};
/* End PBXNativeTarget section */

/* Begin PBXProject section */
		5A4EA1B326D6D9C100726822 /* Project object */ = {
			isa = PBXProject;
			attributes = {
				LastSwiftUpdateCheck = 1250;
				LastUpgradeCheck = 1250;
				TargetAttributes = {
					5A4EA1BA26D6D9C100726822 = {
						CreatedOnToolsVersion = 12.5.1;
					};
				};
			};
			buildConfigurationList = 5A4EA1B626D6D9C100726822 /* Build configuration list for PBXProject "Concentration-UIKit" */;
			compatibilityVersion = "Xcode 9.3";
			developmentRegion = en;
			hasScannedForEncodings = 0;
			knownRegions = (
				en,
				Base,
			);
			mainGroup = 5A4EA1B226D6D9C100726822;
			productRefGroup = 5A4EA1BC26D6D9C100726822 /* Products */;
			projectDirPath = "";
			projectRoot = "";
			targets = (
				5A4EA1BA26D6D9C100726822 /* Concentration-UIKit */,
			);
		};
/* End PBXProject section */

/* Begin PBXResourcesBuildPhase section */
		5A4EA1B926D6D9C100726822 /* Resources */ = {
			isa = PBXResourcesBuildPhase;
			buildActionMask = 2147483647;
			files = (
				5A4EA1CB26D6D9C300726822 /* LaunchScreen.storyboard in Resources */,
				5A4EA1C826D6D9C300726822 /* Assets.xcassets in Resources */,
				5A4EA1C626D6D9C100726822 /* Main.storyboard in Resources */,
			);
			runOnlyForDeploymentPostprocessing = 0;
		};
/* End PBXResourcesBuildPhase section */

/* Begin PBXSourcesBuildPhase section */
		5A4EA1B726D6D9C100726822 /* Sources */ = {
			isa = PBXSourcesBuildPhase;
			buildActionMask = 2147483647;
			files = (
				5A4EA1C326D6D9C100726822 /* ViewController.swift in Sources */,
				5A5F932926E611C700AEC802 /* Concentration.swift in Sources */,
				5A5F932B26E67C2200AEC802 /* Card.swift in Sources */,
				5A4EA1BF26D6D9C100726822 /* AppDelegate.swift in Sources */,
				5A4EA1C126D6D9C100726822 /* SceneDelegate.swift in Sources */,
			);
			runOnlyForDeploymentPostprocessing = 0;
		};
/* End PBXSourcesBuildPhase section */

/* Begin PBXVariantGroup section */
		5A4EA1C426D6D9C100726822 /* Main.storyboard */ = {
			isa = PBXVariantGroup;
			children = (
				5A4EA1C526D6D9C100726822 /* Base */,
			);
			name = Main.storyboard;
			sourceTree = "<group>";
		};
		5A4EA1C926D6D9C300726822 /* LaunchScreen.storyboard */ = {
			isa = PBXVariantGroup;
			children = (
				5A4EA1CA26D6D9C300726822 /* Base */,
			);
			name = LaunchScreen.storyboard;
			sourceTree = "<group>";
		};
/* End PBXVariantGroup section */

/* Begin XCBuildConfiguration section */
		5A4EA1CD26D6D9C300726822 /* Debug */ = {
			isa = XCBuildConfiguration;
			buildSettings = {
				ALWAYS_SEARCH_USER_PATHS = NO;
				CLANG_ANALYZER_NONNULL = YES;
				CLANG_ANALYZER_NUMBER_OBJECT_CONVERSION = YES_AGGRESSIVE;
				CLANG_CXX_LANGUAGE_STANDARD = "gnu++14";
				CLANG_CXX_LIBRARY = "libc++";
				CLANG_ENABLE_MODULES = YES;
				CLANG_ENABLE_OBJC_ARC = YES;
				CLANG_ENABLE_OBJC_WEAK = YES;
				CLANG_WARN_BLOCK_CAPTURE_AUTORELEASING = YES;
				CLANG_WARN_BOOL_CONVERSION = YES;
				CLANG_WARN_COMMA = YES;
				CLANG_WARN_CONSTANT_CONVERSION = YES;
				CLANG_WARN_DEPRECATED_OBJC_IMPLEMENTATIONS = YES;
				CLANG_WARN_DIRECT_OBJC_ISA_USAGE = YES_ERROR;
				CLANG_WARN_DOCUMENTATION_COMMENTS = YES;
				CLANG_WARN_EMPTY_BODY = YES;
				CLANG_WARN_ENUM_CONVERSION = YES;
				CLANG_WARN_INFINITE_RECURSION = YES;
				CLANG_WARN_INT_CONVERSION = YES;
				CLANG_WARN_NON_LITERAL_NULL_CONVERSION = YES;
				CLANG_WARN_OBJC_IMPLICIT_RETAIN_SELF = YES;
				CLANG_WARN_OBJC_LITERAL_CONVERSION = YES;
				CLANG_WARN_OBJC_ROOT_CLASS = YES_ERROR;
				CLANG_WARN_QUOTED_INCLUDE_IN_FRAMEWORK_HEADER = YES;
				CLANG_WARN_RANGE_LOOP_ANALYSIS = YES;
				CLANG_WARN_STRICT_PROTOTYPES = YES;
				CLANG_WARN_SUSPICIOUS_MOVE = YES;
				CLANG_WARN_UNGUARDED_AVAILABILITY = YES_AGGRESSIVE;
				CLANG_WARN_UNREACHABLE_CODE = YES;
				CLANG_WARN__DUPLICATE_METHOD_MATCH = YES;
				COPY_PHASE_STRIP = NO;
				DEBUG_INFORMATION_FORMAT = dwarf;
				ENABLE_STRICT_OBJC_MSGSEND = YES;
				ENABLE_TESTABILITY = YES;
				GCC_C_LANGUAGE_STANDARD = gnu11;
				GCC_DYNAMIC_NO_PIC = NO;
				GCC_NO_COMMON_BLOCKS = YES;
				GCC_OPTIMIZATION_LEVEL = 0;
				GCC_PREPROCESSOR_DEFINITIONS = (
					"DEBUG=1",
					"$(inherited)",
				);
				GCC_WARN_64_TO_32_BIT_CONVERSION = YES;
				GCC_WARN_ABOUT_RETURN_TYPE = YES_ERROR;
				GCC_WARN_UNDECLARED_SELECTOR = YES;
				GCC_WARN_UNINITIALIZED_AUTOS = YES_AGGRESSIVE;
				GCC_WARN_UNUSED_FUNCTION = YES;
				GCC_WARN_UNUSED_VARIABLE = YES;
				IPHONEOS_DEPLOYMENT_TARGET = 14.5;
				MTL_ENABLE_DEBUG_INFO = INCLUDE_SOURCE;
				MTL_FAST_MATH = YES;
				ONLY_ACTIVE_ARCH = YES;
				SDKROOT = iphoneos;
				SWIFT_ACTIVE_COMPILATION_CONDITIONS = DEBUG;
				SWIFT_OPTIMIZATION_LEVEL = "-Onone";
			};
			name = Debug;
		};
		5A4EA1CE26D6D9C300726822 /* Release */ = {
			isa = XCBuildConfiguration;
			buildSettings = {
				ALWAYS_SEARCH_USER_PATHS = NO;
				CLANG_ANALYZER_NONNULL = YES;
				CLANG_ANALYZER_NUMBER_OBJECT_CONVERSION = YES_AGGRESSIVE;
				CLANG_CXX_LANGUAGE_STANDARD = "gnu++14";
				CLANG_CXX_LIBRARY = "libc++";
				CLANG_ENABLE_MODULES = YES;
				CLANG_ENABLE_OBJC_ARC = YES;
				CLANG_ENABLE_OBJC_WEAK = YES;
				CLANG_WARN_BLOCK_CAPTURE_AUTORELEASING = YES;
				CLANG_WARN_BOOL_CONVERSION = YES;
				CLANG_WARN_COMMA = YES;
				CLANG_WARN_CONSTANT_CONVERSION = YES;
				CLANG_WARN_DEPRECATED_OBJC_IMPLEMENTATIONS = YES;
				CLANG_WARN_DIRECT_OBJC_ISA_USAGE = YES_ERROR;
				CLANG_WARN_DOCUMENTATION_COMMENTS = YES;
				CLANG_WARN_EMPTY_BODY = YES;
				CLANG_WARN_ENUM_CONVERSION = YES;
				CLANG_WARN_INFINITE_RECURSION = YES;
				CLANG_WARN_INT_CONVERSION = YES;
				CLANG_WARN_NON_LITERAL_NULL_CONVERSION = YES;
				CLANG_WARN_OBJC_IMPLICIT_RETAIN_SELF = YES;
				CLANG_WARN_OBJC_LITERAL_CONVERSION = YES;
				CLANG_WARN_OBJC_ROOT_CLASS = YES_ERROR;
				CLANG_WARN_QUOTED_INCLUDE_IN_FRAMEWORK_HEADER = YES;
				CLANG_WARN_RANGE_LOOP_ANALYSIS = YES;
				CLANG_WARN_STRICT_PROTOTYPES = YES;
				CLANG_WARN_SUSPICIOUS_MOVE = YES;
				CLANG_WARN_UNGUARDED_AVAILABILITY = YES_AGGRESSIVE;
				CLANG_WARN_UNREACHABLE_CODE = YES;
				CLANG_WARN__DUPLICATE_METHOD_MATCH = YES;
				COPY_PHASE_STRIP = NO;
				DEBUG_INFORMATION_FORMAT = "dwarf-with-dsym";
				ENABLE_NS_ASSERTIONS = NO;
				ENABLE_STRICT_OBJC_MSGSEND = YES;
				GCC_C_LANGUAGE_STANDARD = gnu11;
				GCC_NO_COMMON_BLOCKS = YES;
				GCC_WARN_64_TO_32_BIT_CONVERSION = YES;
				GCC_WARN_ABOUT_RETURN_TYPE = YES_ERROR;
				GCC_WARN_UNDECLARED_SELECTOR = YES;
				GCC_WARN_UNINITIALIZED_AUTOS = YES_AGGRESSIVE;
				GCC_WARN_UNUSED_FUNCTION = YES;
				GCC_WARN_UNUSED_VARIABLE = YES;
				IPHONEOS_DEPLOYMENT_TARGET = 14.5;
				MTL_ENABLE_DEBUG_INFO = NO;
				MTL_FAST_MATH = YES;
				SDKROOT = iphoneos;
				SWIFT_COMPILATION_MODE = wholemodule;
				SWIFT_OPTIMIZATION_LEVEL = "-O";
				VALIDATE_PRODUCT = YES;
			};
			name = Release;
		};
		5A4EA1D026D6D9C300726822 /* Debug */ = {
			isa = XCBuildConfiguration;
			buildSettings = {
				ASSETCATALOG_COMPILER_APPICON_NAME = AppIcon;
				ASSETCATALOG_COMPILER_GLOBAL_ACCENT_COLOR_NAME = AccentColor;
				CODE_SIGN_STYLE = Automatic;
				DEVELOPMENT_TEAM = P87BGS4HZC;
				INFOPLIST_FILE = "Concentration-UIKit/Info.plist";
				LD_RUNPATH_SEARCH_PATHS = (
					"$(inherited)",
					"@executable_path/Frameworks",
				);
				PRODUCT_BUNDLE_IDENTIFIER = "com.taeeun-kim.Concentration-UIKit";
				PRODUCT_NAME = "$(TARGET_NAME)";
				SWIFT_VERSION = 5.0;
				TARGETED_DEVICE_FAMILY = "1,2";
			};
			name = Debug;
		};
		5A4EA1D126D6D9C300726822 /* Release */ = {
			isa = XCBuildConfiguration;
			buildSettings = {
				ASSETCATALOG_COMPILER_APPICON_NAME = AppIcon;
				ASSETCATALOG_COMPILER_GLOBAL_ACCENT_COLOR_NAME = AccentColor;
				CODE_SIGN_STYLE = Automatic;
				DEVELOPMENT_TEAM = P87BGS4HZC;
				INFOPLIST_FILE = "Concentration-UIKit/Info.plist";
				LD_RUNPATH_SEARCH_PATHS = (
					"$(inherited)",
					"@executable_path/Frameworks",
				);
				PRODUCT_BUNDLE_IDENTIFIER = "com.taeeun-kim.Concentration-UIKit";
				PRODUCT_NAME = "$(TARGET_NAME)";
				SWIFT_VERSION = 5.0;
				TARGETED_DEVICE_FAMILY = "1,2";
			};
			name = Release;
		};
/* End XCBuildConfiguration section */

/* Begin XCConfigurationList section */
		5A4EA1B626D6D9C100726822 /* Build configuration list for PBXProject "Concentration-UIKit" */ = {
			isa = XCConfigurationList;
			buildConfigurations = (
				5A4EA1CD26D6D9C300726822 /* Debug */,
				5A4EA1CE26D6D9C300726822 /* Release */,
			);
			defaultConfigurationIsVisible = 0;
			defaultConfigurationName = Release;
		};
		5A4EA1CF26D6D9C300726822 /* Build configuration list for PBXNativeTarget "Concentration-UIKit" */ = {
			isa = XCConfigurationList;
			buildConfigurations = (
				5A4EA1D026D6D9C300726822 /* Debug */,
				5A4EA1D126D6D9C300726822 /* Release */,
			);
			defaultConfigurationIsVisible = 0;
			defaultConfigurationName = Release;
		};
/* End XCConfigurationList section */
	};
	rootObject = 5A4EA1B326D6D9C100726822 /* Project object */;
}
